// !$*UTF8*$!
{
	archiveVersion = 1;
	classes = {
	};
	objectVersion = 50;
	objects = {

/* Begin PBXBuildFile section */
		DECFE95220ED5674006D24A9 /* AppDelegate.swift in Sources */ = {isa = PBXBuildFile; fileRef = DECFE95120ED5674006D24A9 /* AppDelegate.swift */; };
		DECFE95420ED5674006D24A9 /* ViewController.swift in Sources */ = {isa = PBXBuildFile; fileRef = DECFE95320ED5674006D24A9 /* ViewController.swift */; };
		DECFE95720ED5674006D24A9 /* Main.storyboard in Resources */ = {isa = PBXBuildFile; fileRef = DECFE95520ED5674006D24A9 /* Main.storyboard */; };
		DECFE95A20ED5674006D24A9 /* P3HR.xcdatamodeld in Sources */ = {isa = PBXBuildFile; fileRef = DECFE95820ED5674006D24A9 /* P3HR.xcdatamodeld */; };
		DECFE95C20ED5676006D24A9 /* Assets.xcassets in Resources */ = {isa = PBXBuildFile; fileRef = DECFE95B20ED5676006D24A9 /* Assets.xcassets */; };
		DECFE95F20ED5676006D24A9 /* LaunchScreen.storyboard in Resources */ = {isa = PBXBuildFile; fileRef = DECFE95D20ED5676006D24A9 /* LaunchScreen.storyboard */; };
		DECFE96A20ED5676006D24A9 /* P3HRTests.swift in Sources */ = {isa = PBXBuildFile; fileRef = DECFE96920ED5676006D24A9 /* P3HRTests.swift */; };
		DECFE97520ED5676006D24A9 /* P3HRUITests.swift in Sources */ = {isa = PBXBuildFile; fileRef = DECFE97420ED5676006D24A9 /* P3HRUITests.swift */; };
/* End PBXBuildFile section */

/* Begin PBXContainerItemProxy section */
		DECFE96620ED5676006D24A9 /* PBXContainerItemProxy */ = {
			isa = PBXContainerItemProxy;
			containerPortal = DECFE94620ED5674006D24A9 /* Project object */;
			proxyType = 1;
			remoteGlobalIDString = DECFE94D20ED5674006D24A9;
			remoteInfo = P3HR;
		};
		DECFE97120ED5676006D24A9 /* PBXContainerItemProxy */ = {
			isa = PBXContainerItemProxy;
			containerPortal = DECFE94620ED5674006D24A9 /* Project object */;
			proxyType = 1;
			remoteGlobalIDString = DECFE94D20ED5674006D24A9;
			remoteInfo = P3HR;
		};
/* End PBXContainerItemProxy section */

/* Begin PBXFileReference section */
		DECFE94E20ED5674006D24A9 /* P3HR.app */ = {isa = PBXFileReference; explicitFileType = wrapper.application; includeInIndex = 0; path = P3HR.app; sourceTree = BUILT_PRODUCTS_DIR; };
		DECFE95120ED5674006D24A9 /* AppDelegate.swift */ = {isa = PBXFileReference; lastKnownFileType = sourcecode.swift; path = AppDelegate.swift; sourceTree = "<group>"; };
		DECFE95320ED5674006D24A9 /* ViewController.swift */ = {isa = PBXFileReference; lastKnownFileType = sourcecode.swift; path = ViewController.swift; sourceTree = "<group>"; };
		DECFE95620ED5674006D24A9 /* Base */ = {isa = PBXFileReference; lastKnownFileType = file.storyboard; name = Base; path = Base.lproj/Main.storyboard; sourceTree = "<group>"; };
		DECFE95920ED5674006D24A9 /* P3HR.xcdatamodel */ = {isa = PBXFileReference; lastKnownFileType = wrapper.xcdatamodel; path = P3HR.xcdatamodel; sourceTree = "<group>"; };
		DECFE95B20ED5676006D24A9 /* Assets.xcassets */ = {isa = PBXFileReference; lastKnownFileType = folder.assetcatalog; path = Assets.xcassets; sourceTree = "<group>"; };
		DECFE95E20ED5676006D24A9 /* Base */ = {isa = PBXFileReference; lastKnownFileType = file.storyboard; name = Base; path = Base.lproj/LaunchScreen.storyboard; sourceTree = "<group>"; };
		DECFE96020ED5676006D24A9 /* Info.plist */ = {isa = PBXFileReference; lastKnownFileType = text.plist.xml; path = Info.plist; sourceTree = "<group>"; };
		DECFE96520ED5676006D24A9 /* P3HRTests.xctest */ = {isa = PBXFileReference; explicitFileType = wrapper.cfbundle; includeInIndex = 0; path = P3HRTests.xctest; sourceTree = BUILT_PRODUCTS_DIR; };
		DECFE96920ED5676006D24A9 /* P3HRTests.swift */ = {isa = PBXFileReference; lastKnownFileType = sourcecode.swift; path = P3HRTests.swift; sourceTree = "<group>"; };
		DECFE96B20ED5676006D24A9 /* Info.plist */ = {isa = PBXFileReference; lastKnownFileType = text.plist.xml; path = Info.plist; sourceTree = "<group>"; };
		DECFE97020ED5676006D24A9 /* P3HRUITests.xctest */ = {isa = PBXFileReference; explicitFileType = wrapper.cfbundle; includeInIndex = 0; path = P3HRUITests.xctest; sourceTree = BUILT_PRODUCTS_DIR; };
		DECFE97420ED5676006D24A9 /* P3HRUITests.swift */ = {isa = PBXFileReference; lastKnownFileType = sourcecode.swift; path = P3HRUITests.swift; sourceTree = "<group>"; };
		DECFE97620ED5676006D24A9 /* Info.plist */ = {isa = PBXFileReference; lastKnownFileType = text.plist.xml; path = Info.plist; sourceTree = "<group>"; };
/* End PBXFileReference section */

/* Begin PBXFrameworksBuildPhase section */
		DECFE94B20ED5674006D24A9 /* Frameworks */ = {
			isa = PBXFrameworksBuildPhase;
			buildActionMask = 2147483647;
			files = (
			);
			runOnlyForDeploymentPostprocessing = 0;
		};
		DECFE96220ED5676006D24A9 /* Frameworks */ = {
			isa = PBXFrameworksBuildPhase;
			buildActionMask = 2147483647;
			files = (
			);
			runOnlyForDeploymentPostprocessing = 0;
		};
		DECFE96D20ED5676006D24A9 /* Frameworks */ = {
			isa = PBXFrameworksBuildPhase;
			buildActionMask = 2147483647;
			files = (
			);
			runOnlyForDeploymentPostprocessing = 0;
		};
/* End PBXFrameworksBuildPhase section */

/* Begin PBXGroup section */
		DECFE94520ED5674006D24A9 = {
			isa = PBXGroup;
			children = (
				DECFE95020ED5674006D24A9 /* P3HR */,
				DECFE96820ED5676006D24A9 /* P3HRTests */,
				DECFE97320ED5676006D24A9 /* P3HRUITests */,
				DECFE94F20ED5674006D24A9 /* Products */,
			);
			sourceTree = "<group>";
		};
		DECFE94F20ED5674006D24A9 /* Products */ = {
			isa = PBXGroup;
			children = (
				DECFE94E20ED5674006D24A9 /* P3HR.app */,
				DECFE96520ED5676006D24A9 /* P3HRTests.xctest */,
				DECFE97020ED5676006D24A9 /* P3HRUITests.xctest */,
			);
			name = Products;
			sourceTree = "<group>";
		};
		DECFE95020ED5674006D24A9 /* P3HR */ = {
			isa = PBXGroup;
			children = (
				DECFE95120ED5674006D24A9 /* AppDelegate.swift */,
				DECFE95320ED5674006D24A9 /* ViewController.swift */,
				DECFE95520ED5674006D24A9 /* Main.storyboard */,
				DECFE95B20ED5676006D24A9 /* Assets.xcassets */,
				DECFE95D20ED5676006D24A9 /* LaunchScreen.storyboard */,
				DECFE96020ED5676006D24A9 /* Info.plist */,
				DECFE95820ED5674006D24A9 /* P3HR.xcdatamodeld */,
			);
			path = P3HR;
			sourceTree = "<group>";
		};
		DECFE96820ED5676006D24A9 /* P3HRTests */ = {
			isa = PBXGroup;
			children = (
				DECFE96920ED5676006D24A9 /* P3HRTests.swift */,
				DECFE96B20ED5676006D24A9 /* Info.plist */,
			);
			path = P3HRTests;
			sourceTree = "<group>";
		};
		DECFE97320ED5676006D24A9 /* P3HRUITests */ = {
			isa = PBXGroup;
			children = (
				DECFE97420ED5676006D24A9 /* P3HRUITests.swift */,
				DECFE97620ED5676006D24A9 /* Info.plist */,
			);
			path = P3HRUITests;
			sourceTree = "<group>";
		};
/* End PBXGroup section */

/* Begin PBXNativeTarget section */
		DECFE94D20ED5674006D24A9 /* P3HR */ = {
			isa = PBXNativeTarget;
			buildConfigurationList = DECFE97920ED5676006D24A9 /* Build configuration list for PBXNativeTarget "P3HR" */;
			buildPhases = (
				DECFE94A20ED5674006D24A9 /* Sources */,
				DECFE94B20ED5674006D24A9 /* Frameworks */,
				DECFE94C20ED5674006D24A9 /* Resources */,
			);
			buildRules = (
			);
			dependencies = (
			);
			name = P3HR;
			productName = P3HR;
			productReference = DECFE94E20ED5674006D24A9 /* P3HR.app */;
			productType = "com.apple.product-type.application";
		};
		DECFE96420ED5676006D24A9 /* P3HRTests */ = {
			isa = PBXNativeTarget;
			buildConfigurationList = DECFE97C20ED5676006D24A9 /* Build configuration list for PBXNativeTarget "P3HRTests" */;
			buildPhases = (
				DECFE96120ED5676006D24A9 /* Sources */,
				DECFE96220ED5676006D24A9 /* Frameworks */,
				DECFE96320ED5676006D24A9 /* Resources */,
			);
			buildRules = (
			);
			dependencies = (
				DECFE96720ED5676006D24A9 /* PBXTargetDependency */,
			);
			name = P3HRTests;
			productName = P3HRTests;
			productReference = DECFE96520ED5676006D24A9 /* P3HRTests.xctest */;
			productType = "com.apple.product-type.bundle.unit-test";
		};
		DECFE96F20ED5676006D24A9 /* P3HRUITests */ = {
			isa = PBXNativeTarget;
			buildConfigurationList = DECFE97F20ED5676006D24A9 /* Build configuration list for PBXNativeTarget "P3HRUITests" */;
			buildPhases = (
				DECFE96C20ED5676006D24A9 /* Sources */,
				DECFE96D20ED5676006D24A9 /* Frameworks */,
				DECFE96E20ED5676006D24A9 /* Resources */,
			);
			buildRules = (
			);
			dependencies = (
				DECFE97220ED5676006D24A9 /* PBXTargetDependency */,
			);
			name = P3HRUITests;
			productName = P3HRUITests;
			productReference = DECFE97020ED5676006D24A9 /* P3HRUITests.xctest */;
			productType = "com.apple.product-type.bundle.ui-testing";
		};
/* End PBXNativeTarget section */

/* Begin PBXProject section */
		DECFE94620ED5674006D24A9 /* Project object */ = {
			isa = PBXProject;
			attributes = {
				LastSwiftUpdateCheck = 0940;
				LastUpgradeCheck = 0940;
				ORGANIZATIONNAME = "Ankit Angra";
				TargetAttributes = {
					DECFE94D20ED5674006D24A9 = {
						CreatedOnToolsVersion = 9.4.1;
					};
					DECFE96420ED5676006D24A9 = {
						CreatedOnToolsVersion = 9.4.1;
						TestTargetID = DECFE94D20ED5674006D24A9;
					};
					DECFE96F20ED5676006D24A9 = {
						CreatedOnToolsVersion = 9.4.1;
						TestTargetID = DECFE94D20ED5674006D24A9;
					};
				};
			};
			buildConfigurationList = DECFE94920ED5674006D24A9 /* Build configuration list for PBXProject "P3HR" */;
			compatibilityVersion = "Xcode 9.3";
			developmentRegion = en;
			hasScannedForEncodings = 0;
			knownRegions = (
				en,
				Base,
			);
			mainGroup = DECFE94520ED5674006D24A9;
			productRefGroup = DECFE94F20ED5674006D24A9 /* Products */;
			projectDirPath = "";
			projectRoot = "";
			targets = (
				DECFE94D20ED5674006D24A9 /* P3HR */,
				DECFE96420ED5676006D24A9 /* P3HRTests */,
				DECFE96F20ED5676006D24A9 /* P3HRUITests */,
			);
		};
/* End PBXProject section */

/* Begin PBXResourcesBuildPhase section */
		DECFE94C20ED5674006D24A9 /* Resources */ = {
			isa = PBXResourcesBuildPhase;
			buildActionMask = 2147483647;
			files = (
				DECFE95F20ED5676006D24A9 /* LaunchScreen.storyboard in Resources */,
				DECFE95C20ED5676006D24A9 /* Assets.xcassets in Resources */,
				DECFE95720ED5674006D24A9 /* Main.storyboard in Resources */,
			);
			runOnlyForDeploymentPostprocessing = 0;
		};
		DECFE96320ED5676006D24A9 /* Resources */ = {
			isa = PBXResourcesBuildPhase;
			buildActionMask = 2147483647;
			files = (
			);
			runOnlyForDeploymentPostprocessing = 0;
		};
		DECFE96E20ED5676006D24A9 /* Resources */ = {
			isa = PBXResourcesBuildPhase;
			buildActionMask = 2147483647;
			files = (
			);
			runOnlyForDeploymentPostprocessing = 0;
		};
/* End PBXResourcesBuildPhase section */

/* Begin PBXSourcesBuildPhase section */
		DECFE94A20ED5674006D24A9 /* Sources */ = {
			isa = PBXSourcesBuildPhase;
			buildActionMask = 2147483647;
			files = (
				DECFE95A20ED5674006D24A9 /* P3HR.xcdatamodeld in Sources */,
				DECFE95420ED5674006D24A9 /* ViewController.swift in Sources */,
				DECFE95220ED5674006D24A9 /* AppDelegate.swift in Sources */,
			);
			runOnlyForDeploymentPostprocessing = 0;
		};
		DECFE96120ED5676006D24A9 /* Sources */ = {
			isa = PBXSourcesBuildPhase;
			buildActionMask = 2147483647;
			files = (
				DECFE96A20ED5676006D24A9 /* P3HRTests.swift in Sources */,
			);
			runOnlyForDeploymentPostprocessing = 0;
		};
		DECFE96C20ED5676006D24A9 /* Sources */ = {
			isa = PBXSourcesBuildPhase;
			buildActionMask = 2147483647;
			files = (
				DECFE97520ED5676006D24A9 /* P3HRUITests.swift in Sources */,
			);
			runOnlyForDeploymentPostprocessing = 0;
		};
/* End PBXSourcesBuildPhase section */

/* Begin PBXTargetDependency section */
		DECFE96720ED5676006D24A9 /* PBXTargetDependency */ = {
			isa = PBXTargetDependency;
			target = DECFE94D20ED5674006D24A9 /* P3HR */;
			targetProxy = DECFE96620ED5676006D24A9 /* PBXContainerItemProxy */;
		};
		DECFE97220ED5676006D24A9 /* PBXTargetDependency */ = {
			isa = PBXTargetDependency;
			target = DECFE94D20ED5674006D24A9 /* P3HR */;
			targetProxy = DECFE97120ED5676006D24A9 /* PBXContainerItemProxy */;
		};
/* End PBXTargetDependency section */

/* Begin PBXVariantGroup section */
		DECFE95520ED5674006D24A9 /* Main.storyboard */ = {
			isa = PBXVariantGroup;
			children = (
				DECFE95620ED5674006D24A9 /* Base */,
			);
			name = Main.storyboard;
			sourceTree = "<group>";
		};
		DECFE95D20ED5676006D24A9 /* LaunchScreen.storyboard */ = {
			isa = PBXVariantGroup;
			children = (
				DECFE95E20ED5676006D24A9 /* Base */,
			);
			name = LaunchScreen.storyboard;
			sourceTree = "<group>";
		};
/* End PBXVariantGroup section */

/* Begin XCBuildConfiguration section */
		DECFE97720ED5676006D24A9 /* Debug */ = {
			isa = XCBuildConfiguration;
			buildSettings = {
				ALWAYS_SEARCH_USER_PATHS = NO;
				CLANG_ANALYZER_NONNULL = YES;
				CLANG_ANALYZER_NUMBER_OBJECT_CONVERSION = YES_AGGRESSIVE;
				CLANG_CXX_LANGUAGE_STANDARD = "gnu++14";
				CLANG_CXX_LIBRARY = "libc++";
				CLANG_ENABLE_MODULES = YES;
				CLANG_ENABLE_OBJC_ARC = YES;
				CLANG_ENABLE_OBJC_WEAK = YES;
				CLANG_WARN_BLOCK_CAPTURE_AUTORELEASING = YES;
				CLANG_WARN_BOOL_CONVERSION = YES;
				CLANG_WARN_COMMA = YES;
				CLANG_WARN_CONSTANT_CONVERSION = YES;
				CLANG_WARN_DEPRECATED_OBJC_IMPLEMENTATIONS = YES;
				CLANG_WARN_DIRECT_OBJC_ISA_USAGE = YES_ERROR;
				CLANG_WARN_DOCUMENTATION_COMMENTS = YES;
				CLANG_WARN_EMPTY_BODY = YES;
				CLANG_WARN_ENUM_CONVERSION = YES;
				CLANG_WARN_INFINITE_RECURSION = YES;
				CLANG_WARN_INT_CONVERSION = YES;
				CLANG_WARN_NON_LITERAL_NULL_CONVERSION = YES;
				CLANG_WARN_OBJC_IMPLICIT_RETAIN_SELF = YES;
				CLANG_WARN_OBJC_LITERAL_CONVERSION = YES;
				CLANG_WARN_OBJC_ROOT_CLASS = YES_ERROR;
				CLANG_WARN_RANGE_LOOP_ANALYSIS = YES;
				CLANG_WARN_STRICT_PROTOTYPES = YES;
				CLANG_WARN_SUSPICIOUS_MOVE = YES;
				CLANG_WARN_UNGUARDED_AVAILABILITY = YES_AGGRESSIVE;
				CLANG_WARN_UNREACHABLE_CODE = YES;
				CLANG_WARN__DUPLICATE_METHOD_MATCH = YES;
				CODE_SIGN_IDENTITY = "iPhone Developer";
				COPY_PHASE_STRIP = NO;
				DEBUG_INFORMATION_FORMAT = dwarf;
				ENABLE_STRICT_OBJC_MSGSEND = YES;
				ENABLE_TESTABILITY = YES;
				GCC_C_LANGUAGE_STANDARD = gnu11;
				GCC_DYNAMIC_NO_PIC = NO;
				GCC_NO_COMMON_BLOCKS = YES;
				GCC_OPTIMIZATION_LEVEL = 0;
				GCC_PREPROCESSOR_DEFINITIONS = (
					"DEBUG=1",
					"$(inherited)",
				);
				GCC_WARN_64_TO_32_BIT_CONVERSION = YES;
				GCC_WARN_ABOUT_RETURN_TYPE = YES_ERROR;
				GCC_WARN_UNDECLARED_SELECTOR = YES;
				GCC_WARN_UNINITIALIZED_AUTOS = YES_AGGRESSIVE;
				GCC_WARN_UNUSED_FUNCTION = YES;
				GCC_WARN_UNUSED_VARIABLE = YES;
				IPHONEOS_DEPLOYMENT_TARGET = 11.4;
				MTL_ENABLE_DEBUG_INFO = YES;
				ONLY_ACTIVE_ARCH = YES;
				SDKROOT = iphoneos;
				SWIFT_ACTIVE_COMPILATION_CONDITIONS = DEBUG;
				SWIFT_OPTIMIZATION_LEVEL = "-Onone";
			};
			name = Debug;
		};
		DECFE97820ED5676006D24A9 /* Release */ = {
			isa = XCBuildConfiguration;
			buildSettings = {
				ALWAYS_SEARCH_USER_PATHS = NO;
				CLANG_ANALYZER_NONNULL = YES;
				CLANG_ANALYZER_NUMBER_OBJECT_CONVERSION = YES_AGGRESSIVE;
				CLANG_CXX_LANGUAGE_STANDARD = "gnu++14";
				CLANG_CXX_LIBRARY = "libc++";
				CLANG_ENABLE_MODULES = YES;
				CLANG_ENABLE_OBJC_ARC = YES;
				CLANG_ENABLE_OBJC_WEAK = YES;
				CLANG_WARN_BLOCK_CAPTURE_AUTORELEASING = YES;
				CLANG_WARN_BOOL_CONVERSION = YES;
				CLANG_WARN_COMMA = YES;
				CLANG_WARN_CONSTANT_CONVERSION = YES;
				CLANG_WARN_DEPRECATED_OBJC_IMPLEMENTATIONS = YES;
				CLANG_WARN_DIRECT_OBJC_ISA_USAGE = YES_ERROR;
				CLANG_WARN_DOCUMENTATION_COMMENTS = YES;
				CLANG_WARN_EMPTY_BODY = YES;
				CLANG_WARN_ENUM_CONVERSION = YES;
				CLANG_WARN_INFINITE_RECURSION = YES;
				CLANG_WARN_INT_CONVERSION = YES;
				CLANG_WARN_NON_LITERAL_NULL_CONVERSION = YES;
				CLANG_WARN_OBJC_IMPLICIT_RETAIN_SELF = YES;
				CLANG_WARN_OBJC_LITERAL_CONVERSION = YES;
				CLANG_WARN_OBJC_ROOT_CLASS = YES_ERROR;
				CLANG_WARN_RANGE_LOOP_ANALYSIS = YES;
				CLANG_WARN_STRICT_PROTOTYPES = YES;
				CLANG_WARN_SUSPICIOUS_MOVE = YES;
				CLANG_WARN_UNGUARDED_AVAILABILITY = YES_AGGRESSIVE;
				CLANG_WARN_UNREACHABLE_CODE = YES;
				CLANG_WARN__DUPLICATE_METHOD_MATCH = YES;
				CODE_SIGN_IDENTITY = "iPhone Developer";
				COPY_PHASE_STRIP = NO;
				DEBUG_INFORMATION_FORMAT = "dwarf-with-dsym";
				ENABLE_NS_ASSERTIONS = NO;
				ENABLE_STRICT_OBJC_MSGSEND = YES;
				GCC_C_LANGUAGE_STANDARD = gnu11;
				GCC_NO_COMMON_BLOCKS = YES;
				GCC_WARN_64_TO_32_BIT_CONVERSION = YES;
				GCC_WARN_ABOUT_RETURN_TYPE = YES_ERROR;
				GCC_WARN_UNDECLARED_SELECTOR = YES;
				GCC_WARN_UNINITIALIZED_AUTOS = YES_AGGRESSIVE;
				GCC_WARN_UNUSED_FUNCTION = YES;
				GCC_WARN_UNUSED_VARIABLE = YES;
				IPHONEOS_DEPLOYMENT_TARGET = 11.4;
				MTL_ENABLE_DEBUG_INFO = NO;
				SDKROOT = iphoneos;
				SWIFT_COMPILATION_MODE = wholemodule;
				SWIFT_OPTIMIZATION_LEVEL = "-O";
				VALIDATE_PRODUCT = YES;
			};
			name = Release;
		};
		DECFE97A20ED5676006D24A9 /* Debug */ = {
			isa = XCBuildConfiguration;
			buildSettings = {
				ASSETCATALOG_COMPILER_APPICON_NAME = AppIcon;
				CODE_SIGN_STYLE = Automatic;
				INFOPLIST_FILE = P3HR/Info.plist;
				LD_RUNPATH_SEARCH_PATHS = (
					"$(inherited)",
					"@executable_path/Frameworks",
				);
				PRODUCT_BUNDLE_IDENTIFIER = uWindsor.P3HR;
				PRODUCT_NAME = "$(TARGET_NAME)";
				SWIFT_VERSION = 4.0;
				TARGETED_DEVICE_FAMILY = "1,2";
			};
			name = Debug;
		};
		DECFE97B20ED5676006D24A9 /* Release */ = {
			isa = XCBuildConfiguration;
			buildSettings = {
				ASSETCATALOG_COMPILER_APPICON_NAME = AppIcon;
				CODE_SIGN_STYLE = Automatic;
				INFOPLIST_FILE = P3HR/Info.plist;
				LD_RUNPATH_SEARCH_PATHS = (
					"$(inherited)",
					"@executable_path/Frameworks",
				);
				PRODUCT_BUNDLE_IDENTIFIER = uWindsor.P3HR;
				PRODUCT_NAME = "$(TARGET_NAME)";
				SWIFT_VERSION = 4.0;
				TARGETED_DEVICE_FAMILY = "1,2";
			};
			name = Release;
		};
		DECFE97D20ED5676006D24A9 /* Debug */ = {
			isa = XCBuildConfiguration;
			buildSettings = {
				ALWAYS_EMBED_SWIFT_STANDARD_LIBRARIES = YES;
				BUNDLE_LOADER = "$(TEST_HOST)";
				CODE_SIGN_STYLE = Automatic;
				INFOPLIST_FILE = P3HRTests/Info.plist;
				LD_RUNPATH_SEARCH_PATHS = (
					"$(inherited)",
					"@executable_path/Frameworks",
					"@loader_path/Frameworks",
				);
				PRODUCT_BUNDLE_IDENTIFIER = uWindsor.P3HRTests;
				PRODUCT_NAME = "$(TARGET_NAME)";
				SWIFT_VERSION = 4.0;
				TARGETED_DEVICE_FAMILY = "1,2";
				TEST_HOST = "$(BUILT_PRODUCTS_DIR)/P3HR.app/P3HR";
			};
			name = Debug;
		};
		DECFE97E20ED5676006D24A9 /* Release */ = {
			isa = XCBuildConfiguration;
			buildSettings = {
				ALWAYS_EMBED_SWIFT_STANDARD_LIBRARIES = YES;
				BUNDLE_LOADER = "$(TEST_HOST)";
				CODE_SIGN_STYLE = Automatic;
				INFOPLIST_FILE = P3HRTests/Info.plist;
				LD_RUNPATH_SEARCH_PATHS = (
					"$(inherited)",
					"@executable_path/Frameworks",
					"@loader_path/Frameworks",
				);
				PRODUCT_BUNDLE_IDENTIFIER = uWindsor.P3HRTests;
				PRODUCT_NAME = "$(TARGET_NAME)";
				SWIFT_VERSION = 4.0;
				TARGETED_DEVICE_FAMILY = "1,2";
				TEST_HOST = "$(BUILT_PRODUCTS_DIR)/P3HR.app/P3HR";
			};
			name = Release;
		};
		DECFE98020ED5676006D24A9 /* Debug */ = {
			isa = XCBuildConfiguration;
			buildSettings = {
				ALWAYS_EMBED_SWIFT_STANDARD_LIBRARIES = YES;
				CODE_SIGN_STYLE = Automatic;
				INFOPLIST_FILE = P3HRUITests/Info.plist;
				LD_RUNPATH_SEARCH_PATHS = (
					"$(inherited)",
					"@executable_path/Frameworks",
					"@loader_path/Frameworks",
				);
				PRODUCT_BUNDLE_IDENTIFIER = uWindsor.P3HRUITests;
				PRODUCT_NAME = "$(TARGET_NAME)";
				SWIFT_VERSION = 4.0;
				TARGETED_DEVICE_FAMILY = "1,2";
				TEST_TARGET_NAME = P3HR;
			};
			name = Debug;
		};
		DECFE98120ED5676006D24A9 /* Release */ = {
			isa = XCBuildConfiguration;
			buildSettings = {
				ALWAYS_EMBED_SWIFT_STANDARD_LIBRARIES = YES;
				CODE_SIGN_STYLE = Automatic;
				INFOPLIST_FILE = P3HRUITests/Info.plist;
				LD_RUNPATH_SEARCH_PATHS = (
					"$(inherited)",
					"@executable_path/Frameworks",
					"@loader_path/Frameworks",
				);
				PRODUCT_BUNDLE_IDENTIFIER = uWindsor.P3HRUITests;
				PRODUCT_NAME = "$(TARGET_NAME)";
				SWIFT_VERSION = 4.0;
				TARGETED_DEVICE_FAMILY = "1,2";
				TEST_TARGET_NAME = P3HR;
			};
			name = Release;
		};
/* End XCBuildConfiguration section */

/* Begin XCConfigurationList section */
		DECFE94920ED5674006D24A9 /* Build configuration list for PBXProject "P3HR" */ = {
			isa = XCConfigurationList;
			buildConfigurations = (
				DECFE97720ED5676006D24A9 /* Debug */,
				DECFE97820ED5676006D24A9 /* Release */,
			);
			defaultConfigurationIsVisible = 0;
			defaultConfigurationName = Release;
		};
		DECFE97920ED5676006D24A9 /* Build configuration list for PBXNativeTarget "P3HR" */ = {
			isa = XCConfigurationList;
			buildConfigurations = (
				DECFE97A20ED5676006D24A9 /* Debug */,
				DECFE97B20ED5676006D24A9 /* Release */,
			);
			defaultConfigurationIsVisible = 0;
			defaultConfigurationName = Release;
		};
		DECFE97C20ED5676006D24A9 /* Build configuration list for PBXNativeTarget "P3HRTests" */ = {
			isa = XCConfigurationList;
			buildConfigurations = (
				DECFE97D20ED5676006D24A9 /* Debug */,
				DECFE97E20ED5676006D24A9 /* Release */,
			);
			defaultConfigurationIsVisible = 0;
			defaultConfigurationName = Release;
		};
		DECFE97F20ED5676006D24A9 /* Build configuration list for PBXNativeTarget "P3HRUITests" */ = {
			isa = XCConfigurationList;
			buildConfigurations = (
				DECFE98020ED5676006D24A9 /* Debug */,
				DECFE98120ED5676006D24A9 /* Release */,
			);
			defaultConfigurationIsVisible = 0;
			defaultConfigurationName = Release;
		};
/* End XCConfigurationList section */

/* Begin XCVersionGroup section */
		DECFE95820ED5674006D24A9 /* P3HR.xcdatamodeld */ = {
			isa = XCVersionGroup;
			children = (
				DECFE95920ED5674006D24A9 /* P3HR.xcdatamodel */,
			);
			currentVersion = DECFE95920ED5674006D24A9 /* P3HR.xcdatamodel */;
			path = P3HR.xcdatamodeld;
			sourceTree = "<group>";
			versionGroupType = wrapper.xcdatamodel;
		};
/* End XCVersionGroup section */
	};
	rootObject = DECFE94620ED5674006D24A9 /* Project object */;
}
