// !$*UTF8*$!
{
	archiveVersion = 1;
	classes = {
	};
	objectVersion = 50;
	objects = {

/* Begin PBXBuildFile section */
		3E24F90640AC14FB4E3C5958 /* Pods_P3HRUITests.framework in Frameworks */ = {isa = PBXBuildFile; fileRef = 241BA549CC45C3829721BBCE /* Pods_P3HRUITests.framework */; };
		88843DA0DF6873AD8373FBBB /* Pods_P3HR.framework in Frameworks */ = {isa = PBXBuildFile; fileRef = 8A48DE3A87559891F708C52B /* Pods_P3HR.framework */; };
		ABB4A76CB426D964D6842F3F /* Pods_P3HRTests.framework in Frameworks */ = {isa = PBXBuildFile; fileRef = 957EBDF8A43BFF7B9AFFF7FE /* Pods_P3HRTests.framework */; };
		DE2439F5213319F000381F33 /* PatientAttachmentViewController.swift in Sources */ = {isa = PBXBuildFile; fileRef = DE2439F4213319F000381F33 /* PatientAttachmentViewController.swift */; };
		DE2439F7213360C600381F33 /* PatientEditPermissionViewController.swift in Sources */ = {isa = PBXBuildFile; fileRef = DE2439F6213360C600381F33 /* PatientEditPermissionViewController.swift */; };
		DE385E58211A3FF600CFBDA0 /* ProfessionalProfileUpdateViewController.swift in Sources */ = {isa = PBXBuildFile; fileRef = DE385E57211A3FF600CFBDA0 /* ProfessionalProfileUpdateViewController.swift */; };
		DE385E5C211A473D00CFBDA0 /* ProfileUpdateDropDownTableViewCell.swift in Sources */ = {isa = PBXBuildFile; fileRef = DE385E5A211A473D00CFBDA0 /* ProfileUpdateDropDownTableViewCell.swift */; };
		DE385E5D211A473D00CFBDA0 /* ProfileUpdateDropDownTableViewCell.xib in Resources */ = {isa = PBXBuildFile; fileRef = DE385E5B211A473D00CFBDA0 /* ProfileUpdateDropDownTableViewCell.xib */; };
		DE385E61211A47ED00CFBDA0 /* P3HRDropDownTextField.swift in Sources */ = {isa = PBXBuildFile; fileRef = DE385E60211A47ED00CFBDA0 /* P3HRDropDownTextField.swift */; };
		DE385E63211A689400CFBDA0 /* AuthModel.swift in Sources */ = {isa = PBXBuildFile; fileRef = DE385E62211A689400CFBDA0 /* AuthModel.swift */; };
		DE385E65211A7FF200CFBDA0 /* Profile.swift in Sources */ = {isa = PBXBuildFile; fileRef = DE385E64211A7FF200CFBDA0 /* Profile.swift */; };
		DE53B7962113C6B60015278A /* NetworkManager.swift in Sources */ = {isa = PBXBuildFile; fileRef = DE53B7952113C6B60015278A /* NetworkManager.swift */; };
		DE53B7982113C6C50015278A /* NetworkConstants.swift in Sources */ = {isa = PBXBuildFile; fileRef = DE53B7972113C6C50015278A /* NetworkConstants.swift */; };
		DE53B79A2113C9EC0015278A /* AuthPresentor.swift in Sources */ = {isa = PBXBuildFile; fileRef = DE53B7992113C9EC0015278A /* AuthPresentor.swift */; };
		DE53B79C2114202E0015278A /* ProfessionalPresentor.swift in Sources */ = {isa = PBXBuildFile; fileRef = DE53B79B2114202E0015278A /* ProfessionalPresentor.swift */; };
		DE53B79E211422640015278A /* DefaultConfiguration.swift in Sources */ = {isa = PBXBuildFile; fileRef = DE53B79D211422640015278A /* DefaultConfiguration.swift */; };
		DE62F8BE20ED5826001D7BA2 /* Image.swift in Sources */ = {isa = PBXBuildFile; fileRef = DE62F8BA20ED5826001D7BA2 /* Image.swift */; };
		DE62F8BF20ED5826001D7BA2 /* StoryboardHelper.swift in Sources */ = {isa = PBXBuildFile; fileRef = DE62F8BB20ED5826001D7BA2 /* StoryboardHelper.swift */; };
		DE62F8C020ED5826001D7BA2 /* StringHelper.swift in Sources */ = {isa = PBXBuildFile; fileRef = DE62F8BC20ED5826001D7BA2 /* StringHelper.swift */; };
		DE62F8C120ED5826001D7BA2 /* Constants.swift in Sources */ = {isa = PBXBuildFile; fileRef = DE62F8BD20ED5826001D7BA2 /* Constants.swift */; };
		DE62F8C320ED5866001D7BA2 /* P3HRLabel.swift in Sources */ = {isa = PBXBuildFile; fileRef = DE62F8C220ED5866001D7BA2 /* P3HRLabel.swift */; };
		DE62F8C520ED5880001D7BA2 /* P3HRTextField.swift in Sources */ = {isa = PBXBuildFile; fileRef = DE62F8C420ED5880001D7BA2 /* P3HRTextField.swift */; };
		DE62F8C720ED5890001D7BA2 /* P3HRTextView.swift in Sources */ = {isa = PBXBuildFile; fileRef = DE62F8C620ED5890001D7BA2 /* P3HRTextView.swift */; };
		DE62F8C920ED58B7001D7BA2 /* P3HRButton.swift in Sources */ = {isa = PBXBuildFile; fileRef = DE62F8C820ED58B7001D7BA2 /* P3HRButton.swift */; };
		DE62F8D220ED5923001D7BA2 /* AlertManager.swift in Sources */ = {isa = PBXBuildFile; fileRef = DE62F8CE20ED5923001D7BA2 /* AlertManager.swift */; };
		DE62F8D320ED5923001D7BA2 /* ActivityIndicatorManager.swift in Sources */ = {isa = PBXBuildFile; fileRef = DE62F8CF20ED5923001D7BA2 /* ActivityIndicatorManager.swift */; };
		DE62F8D820ED5A4D001D7BA2 /* UIView.swift in Sources */ = {isa = PBXBuildFile; fileRef = DE62F8D420ED5A4C001D7BA2 /* UIView.swift */; };
		DE62F8DA20ED5A4D001D7BA2 /* TableViewHelper.swift in Sources */ = {isa = PBXBuildFile; fileRef = DE62F8D620ED5A4C001D7BA2 /* TableViewHelper.swift */; };
		DE62F8DB20ED5A4D001D7BA2 /* Style.swift in Sources */ = {isa = PBXBuildFile; fileRef = DE62F8D720ED5A4D001D7BA2 /* Style.swift */; };
		DE62F8DD20ED5BBA001D7BA2 /* ParentViewController.swift in Sources */ = {isa = PBXBuildFile; fileRef = DE62F8DC20ED5BBA001D7BA2 /* ParentViewController.swift */; };
		DE62F8F320ED5CBE001D7BA2 /* LoginStoryboard.storyboard in Resources */ = {isa = PBXBuildFile; fileRef = DE62F8F220ED5CBE001D7BA2 /* LoginStoryboard.storyboard */; };
		DE62F8F520ED5CD1001D7BA2 /* ProfessionalStoryboard.storyboard in Resources */ = {isa = PBXBuildFile; fileRef = DE62F8F420ED5CD1001D7BA2 /* ProfessionalStoryboard.storyboard */; };
		DE62F8F720ED5CDD001D7BA2 /* PatientStoryboard.storyboard in Resources */ = {isa = PBXBuildFile; fileRef = DE62F8F620ED5CDD001D7BA2 /* PatientStoryboard.storyboard */; };
		DE6B05122130F1AE00030D45 /* ProfessionalCodeVerificaiationViewController.swift in Sources */ = {isa = PBXBuildFile; fileRef = DE6B05112130F1AE00030D45 /* ProfessionalCodeVerificaiationViewController.swift */; };
		DE6B05142130F30A00030D45 /* Code.swift in Sources */ = {isa = PBXBuildFile; fileRef = DE6B05132130F30A00030D45 /* Code.swift */; };
		DE7BE0562148337D0097217B /* HealthProfessional.swift in Sources */ = {isa = PBXBuildFile; fileRef = DE7BE0552148337D0097217B /* HealthProfessional.swift */; };
		DE7BE05A214839700097217B /* HealthProfessionalTableViewCell.swift in Sources */ = {isa = PBXBuildFile; fileRef = DE7BE058214839700097217B /* HealthProfessionalTableViewCell.swift */; };
		DE7BE05B214839700097217B /* HealthProfessionalTableViewCell.xib in Resources */ = {isa = PBXBuildFile; fileRef = DE7BE059214839700097217B /* HealthProfessionalTableViewCell.xib */; };
		DE8998982114E86E00FB74B5 /* BaseModel.swift in Sources */ = {isa = PBXBuildFile; fileRef = DE8998972114E86E00FB74B5 /* BaseModel.swift */; };
		DECF313320F2B5F300BD2683 /* LoginViewController.swift in Sources */ = {isa = PBXBuildFile; fileRef = DECF313220F2B5F300BD2683 /* LoginViewController.swift */; };
		DECFE95220ED5674006D24A9 /* AppDelegate.swift in Sources */ = {isa = PBXBuildFile; fileRef = DECFE95120ED5674006D24A9 /* AppDelegate.swift */; };
		DECFE95420ED5674006D24A9 /* ViewController.swift in Sources */ = {isa = PBXBuildFile; fileRef = DECFE95320ED5674006D24A9 /* ViewController.swift */; };
		DECFE95720ED5674006D24A9 /* Main.storyboard in Resources */ = {isa = PBXBuildFile; fileRef = DECFE95520ED5674006D24A9 /* Main.storyboard */; };
		DECFE95A20ED5674006D24A9 /* P3HR.xcdatamodeld in Sources */ = {isa = PBXBuildFile; fileRef = DECFE95820ED5674006D24A9 /* P3HR.xcdatamodeld */; };
		DECFE95C20ED5676006D24A9 /* Assets.xcassets in Resources */ = {isa = PBXBuildFile; fileRef = DECFE95B20ED5676006D24A9 /* Assets.xcassets */; };
		DECFE95F20ED5676006D24A9 /* LaunchScreen.storyboard in Resources */ = {isa = PBXBuildFile; fileRef = DECFE95D20ED5676006D24A9 /* LaunchScreen.storyboard */; };
		DECFE96A20ED5676006D24A9 /* P3HRTests.swift in Sources */ = {isa = PBXBuildFile; fileRef = DECFE96920ED5676006D24A9 /* P3HRTests.swift */; };
		DECFE97520ED5676006D24A9 /* P3HRUITests.swift in Sources */ = {isa = PBXBuildFile; fileRef = DECFE97420ED5676006D24A9 /* P3HRUITests.swift */; };
		DED276E620F2D46200A870FC /* RegistrationViewController.swift in Sources */ = {isa = PBXBuildFile; fileRef = DED276E520F2D46200A870FC /* RegistrationViewController.swift */; };
		DED276E820F2D56C00A870FC /* P3HRUtilities.swift in Sources */ = {isa = PBXBuildFile; fileRef = DED276E720F2D56C00A870FC /* P3HRUtilities.swift */; };
		DED6084621408FCD0076FC88 /* PatientSearchResultViewController.swift in Sources */ = {isa = PBXBuildFile; fileRef = DED6084521408FCD0076FC88 /* PatientSearchResultViewController.swift */; };
		DED60848214091980076FC88 /* PatientPremissionPresentor.swift in Sources */ = {isa = PBXBuildFile; fileRef = DED60847214091980076FC88 /* PatientPremissionPresentor.swift */; };
		DEDE515F2120FAF100353394 /* PatientTabBarViewController.swift in Sources */ = {isa = PBXBuildFile; fileRef = DEDE515E2120FAF100353394 /* PatientTabBarViewController.swift */; };
		DEDE51612120FB4400353394 /* PatientProfileViewController.swift in Sources */ = {isa = PBXBuildFile; fileRef = DEDE51602120FB4400353394 /* PatientProfileViewController.swift */; };
		DEDE51632120FB5500353394 /* PatientRecordViewController.swift in Sources */ = {isa = PBXBuildFile; fileRef = DEDE51622120FB5500353394 /* PatientRecordViewController.swift */; };
		DEDE5165212100EC00353394 /* PatientNewRecordViewController.swift in Sources */ = {isa = PBXBuildFile; fileRef = DEDE5164212100EC00353394 /* PatientNewRecordViewController.swift */; };
		DEDE51672121584B00353394 /* PatientPresentor.swift in Sources */ = {isa = PBXBuildFile; fileRef = DEDE51662121584B00353394 /* PatientPresentor.swift */; };
		DEDE516B2121649800353394 /* RecordTableViewCell.swift in Sources */ = {isa = PBXBuildFile; fileRef = DEDE51692121649800353394 /* RecordTableViewCell.swift */; };
		DEDE516C2121649800353394 /* RecordTableViewCell.xib in Resources */ = {isa = PBXBuildFile; fileRef = DEDE516A2121649800353394 /* RecordTableViewCell.xib */; };
		DEDE516E2121680000353394 /* Record.swift in Sources */ = {isa = PBXBuildFile; fileRef = DEDE516D2121680000353394 /* Record.swift */; };
		DEDE51702121D54800353394 /* Patient.swift in Sources */ = {isa = PBXBuildFile; fileRef = DEDE516F2121D54800353394 /* Patient.swift */; };
		DEDE51722121E29500353394 /* PatientEditProfileViewController.swift in Sources */ = {isa = PBXBuildFile; fileRef = DEDE51712121E29500353394 /* PatientEditProfileViewController.swift */; };
		DEE560E820F91DC600E753E4 /* EnglishLocalizable.strings in Resources */ = {isa = PBXBuildFile; fileRef = DEE560EA20F91DC600E753E4 /* EnglishLocalizable.strings */; };
		DEE560EC20F91E9400E753E4 /* ErrorMessage.swift in Sources */ = {isa = PBXBuildFile; fileRef = DEE560EB20F91E9400E753E4 /* ErrorMessage.swift */; };
		DEE560EE20F9324100E753E4 /* PatientHomeViewController.swift in Sources */ = {isa = PBXBuildFile; fileRef = DEE560ED20F9324100E753E4 /* PatientHomeViewController.swift */; };
		DEE560F220F9355600E753E4 /* PaitentHomeCellTableViewCell.swift in Sources */ = {isa = PBXBuildFile; fileRef = DEE560F020F9355600E753E4 /* PaitentHomeCellTableViewCell.swift */; };
		DEE560F320F9355600E753E4 /* PaitentHomeCellTableViewCell.xib in Resources */ = {isa = PBXBuildFile; fileRef = DEE560F120F9355600E753E4 /* PaitentHomeCellTableViewCell.xib */; };
		DEE560F720F9468800E753E4 /* ProfessionalHomeScreen.swift in Sources */ = {isa = PBXBuildFile; fileRef = DEE560F620F9468800E753E4 /* ProfessionalHomeScreen.swift */; };
/* End PBXBuildFile section */

/* Begin PBXContainerItemProxy section */
		DECFE96620ED5676006D24A9 /* PBXContainerItemProxy */ = {
			isa = PBXContainerItemProxy;
			containerPortal = DECFE94620ED5674006D24A9 /* Project object */;
			proxyType = 1;
			remoteGlobalIDString = DECFE94D20ED5674006D24A9;
			remoteInfo = P3HR;
		};
		DECFE97120ED5676006D24A9 /* PBXContainerItemProxy */ = {
			isa = PBXContainerItemProxy;
			containerPortal = DECFE94620ED5674006D24A9 /* Project object */;
			proxyType = 1;
			remoteGlobalIDString = DECFE94D20ED5674006D24A9;
			remoteInfo = P3HR;
		};
/* End PBXContainerItemProxy section */

/* Begin PBXFileReference section */
		018D9C274AD4211E0FBFD366 /* Pods-P3HRTests.release.xcconfig */ = {isa = PBXFileReference; includeInIndex = 1; lastKnownFileType = text.xcconfig; name = "Pods-P3HRTests.release.xcconfig"; path = "Pods/Target Support Files/Pods-P3HRTests/Pods-P3HRTests.release.xcconfig"; sourceTree = "<group>"; };
		241BA549CC45C3829721BBCE /* Pods_P3HRUITests.framework */ = {isa = PBXFileReference; explicitFileType = wrapper.framework; includeInIndex = 0; path = Pods_P3HRUITests.framework; sourceTree = BUILT_PRODUCTS_DIR; };
		5CF16D2425B6D7EF1A7B350E /* Pods-P3HR.release.xcconfig */ = {isa = PBXFileReference; includeInIndex = 1; lastKnownFileType = text.xcconfig; name = "Pods-P3HR.release.xcconfig"; path = "Pods/Target Support Files/Pods-P3HR/Pods-P3HR.release.xcconfig"; sourceTree = "<group>"; };
		8A48DE3A87559891F708C52B /* Pods_P3HR.framework */ = {isa = PBXFileReference; explicitFileType = wrapper.framework; includeInIndex = 0; path = Pods_P3HR.framework; sourceTree = BUILT_PRODUCTS_DIR; };
		957EBDF8A43BFF7B9AFFF7FE /* Pods_P3HRTests.framework */ = {isa = PBXFileReference; explicitFileType = wrapper.framework; includeInIndex = 0; path = Pods_P3HRTests.framework; sourceTree = BUILT_PRODUCTS_DIR; };
		9FCDC15411E9DD7B9B1136E8 /* Pods-P3HRTests.debug.xcconfig */ = {isa = PBXFileReference; includeInIndex = 1; lastKnownFileType = text.xcconfig; name = "Pods-P3HRTests.debug.xcconfig"; path = "Pods/Target Support Files/Pods-P3HRTests/Pods-P3HRTests.debug.xcconfig"; sourceTree = "<group>"; };
		C8791EF9BD56C738D7431386 /* Pods-P3HRUITests.release.xcconfig */ = {isa = PBXFileReference; includeInIndex = 1; lastKnownFileType = text.xcconfig; name = "Pods-P3HRUITests.release.xcconfig"; path = "Pods/Target Support Files/Pods-P3HRUITests/Pods-P3HRUITests.release.xcconfig"; sourceTree = "<group>"; };
		DE2439F4213319F000381F33 /* PatientAttachmentViewController.swift */ = {isa = PBXFileReference; lastKnownFileType = sourcecode.swift; path = PatientAttachmentViewController.swift; sourceTree = "<group>"; };
		DE2439F6213360C600381F33 /* PatientEditPermissionViewController.swift */ = {isa = PBXFileReference; lastKnownFileType = sourcecode.swift; path = PatientEditPermissionViewController.swift; sourceTree = "<group>"; };
		DE385E57211A3FF600CFBDA0 /* ProfessionalProfileUpdateViewController.swift */ = {isa = PBXFileReference; lastKnownFileType = sourcecode.swift; path = ProfessionalProfileUpdateViewController.swift; sourceTree = "<group>"; };
		DE385E5A211A473D00CFBDA0 /* ProfileUpdateDropDownTableViewCell.swift */ = {isa = PBXFileReference; lastKnownFileType = sourcecode.swift; name = ProfileUpdateDropDownTableViewCell.swift; path = ProfileUpdateDropDown/ProfileUpdateDropDownTableViewCell.swift; sourceTree = "<group>"; };
		DE385E5B211A473D00CFBDA0 /* ProfileUpdateDropDownTableViewCell.xib */ = {isa = PBXFileReference; lastKnownFileType = file.xib; name = ProfileUpdateDropDownTableViewCell.xib; path = ProfileUpdateDropDown/ProfileUpdateDropDownTableViewCell.xib; sourceTree = "<group>"; };
		DE385E60211A47ED00CFBDA0 /* P3HRDropDownTextField.swift */ = {isa = PBXFileReference; lastKnownFileType = sourcecode.swift; path = P3HRDropDownTextField.swift; sourceTree = "<group>"; };
		DE385E62211A689400CFBDA0 /* AuthModel.swift */ = {isa = PBXFileReference; lastKnownFileType = sourcecode.swift; path = AuthModel.swift; sourceTree = "<group>"; };
		DE385E64211A7FF200CFBDA0 /* Profile.swift */ = {isa = PBXFileReference; lastKnownFileType = sourcecode.swift; path = Profile.swift; sourceTree = "<group>"; };
		DE53B7952113C6B60015278A /* NetworkManager.swift */ = {isa = PBXFileReference; lastKnownFileType = sourcecode.swift; path = NetworkManager.swift; sourceTree = "<group>"; };
		DE53B7972113C6C50015278A /* NetworkConstants.swift */ = {isa = PBXFileReference; lastKnownFileType = sourcecode.swift; path = NetworkConstants.swift; sourceTree = "<group>"; };
		DE53B7992113C9EC0015278A /* AuthPresentor.swift */ = {isa = PBXFileReference; lastKnownFileType = sourcecode.swift; path = AuthPresentor.swift; sourceTree = "<group>"; };
		DE53B79B2114202E0015278A /* ProfessionalPresentor.swift */ = {isa = PBXFileReference; lastKnownFileType = sourcecode.swift; path = ProfessionalPresentor.swift; sourceTree = "<group>"; };
		DE53B79D211422640015278A /* DefaultConfiguration.swift */ = {isa = PBXFileReference; lastKnownFileType = sourcecode.swift; path = DefaultConfiguration.swift; sourceTree = "<group>"; };
		DE62F8BA20ED5826001D7BA2 /* Image.swift */ = {isa = PBXFileReference; fileEncoding = 4; lastKnownFileType = sourcecode.swift; path = Image.swift; sourceTree = "<group>"; };
		DE62F8BB20ED5826001D7BA2 /* StoryboardHelper.swift */ = {isa = PBXFileReference; fileEncoding = 4; lastKnownFileType = sourcecode.swift; path = StoryboardHelper.swift; sourceTree = "<group>"; };
		DE62F8BC20ED5826001D7BA2 /* StringHelper.swift */ = {isa = PBXFileReference; fileEncoding = 4; lastKnownFileType = sourcecode.swift; path = StringHelper.swift; sourceTree = "<group>"; };
		DE62F8BD20ED5826001D7BA2 /* Constants.swift */ = {isa = PBXFileReference; fileEncoding = 4; lastKnownFileType = sourcecode.swift; path = Constants.swift; sourceTree = "<group>"; };
		DE62F8C220ED5866001D7BA2 /* P3HRLabel.swift */ = {isa = PBXFileReference; lastKnownFileType = sourcecode.swift; path = P3HRLabel.swift; sourceTree = "<group>"; };
		DE62F8C420ED5880001D7BA2 /* P3HRTextField.swift */ = {isa = PBXFileReference; lastKnownFileType = sourcecode.swift; path = P3HRTextField.swift; sourceTree = "<group>"; };
		DE62F8C620ED5890001D7BA2 /* P3HRTextView.swift */ = {isa = PBXFileReference; lastKnownFileType = sourcecode.swift; path = P3HRTextView.swift; sourceTree = "<group>"; };
		DE62F8C820ED58B7001D7BA2 /* P3HRButton.swift */ = {isa = PBXFileReference; lastKnownFileType = sourcecode.swift; path = P3HRButton.swift; sourceTree = "<group>"; };
		DE62F8CE20ED5923001D7BA2 /* AlertManager.swift */ = {isa = PBXFileReference; fileEncoding = 4; lastKnownFileType = sourcecode.swift; path = AlertManager.swift; sourceTree = "<group>"; };
		DE62F8CF20ED5923001D7BA2 /* ActivityIndicatorManager.swift */ = {isa = PBXFileReference; fileEncoding = 4; lastKnownFileType = sourcecode.swift; path = ActivityIndicatorManager.swift; sourceTree = "<group>"; };
		DE62F8D420ED5A4C001D7BA2 /* UIView.swift */ = {isa = PBXFileReference; fileEncoding = 4; lastKnownFileType = sourcecode.swift; path = UIView.swift; sourceTree = "<group>"; };
		DE62F8D620ED5A4C001D7BA2 /* TableViewHelper.swift */ = {isa = PBXFileReference; fileEncoding = 4; lastKnownFileType = sourcecode.swift; path = TableViewHelper.swift; sourceTree = "<group>"; };
		DE62F8D720ED5A4D001D7BA2 /* Style.swift */ = {isa = PBXFileReference; fileEncoding = 4; lastKnownFileType = sourcecode.swift; path = Style.swift; sourceTree = "<group>"; };
		DE62F8DC20ED5BBA001D7BA2 /* ParentViewController.swift */ = {isa = PBXFileReference; lastKnownFileType = sourcecode.swift; path = ParentViewController.swift; sourceTree = "<group>"; };
		DE62F8F220ED5CBE001D7BA2 /* LoginStoryboard.storyboard */ = {isa = PBXFileReference; lastKnownFileType = file.storyboard; path = LoginStoryboard.storyboard; sourceTree = "<group>"; };
		DE62F8F420ED5CD1001D7BA2 /* ProfessionalStoryboard.storyboard */ = {isa = PBXFileReference; lastKnownFileType = file.storyboard; path = ProfessionalStoryboard.storyboard; sourceTree = "<group>"; };
		DE62F8F620ED5CDD001D7BA2 /* PatientStoryboard.storyboard */ = {isa = PBXFileReference; lastKnownFileType = file.storyboard; path = PatientStoryboard.storyboard; sourceTree = "<group>"; };
		DE6B05112130F1AE00030D45 /* ProfessionalCodeVerificaiationViewController.swift */ = {isa = PBXFileReference; lastKnownFileType = sourcecode.swift; path = ProfessionalCodeVerificaiationViewController.swift; sourceTree = "<group>"; };
		DE6B05132130F30A00030D45 /* Code.swift */ = {isa = PBXFileReference; lastKnownFileType = sourcecode.swift; path = Code.swift; sourceTree = "<group>"; };
		DE7BE0552148337D0097217B /* HealthProfessional.swift */ = {isa = PBXFileReference; lastKnownFileType = sourcecode.swift; path = HealthProfessional.swift; sourceTree = "<group>"; };
		DE7BE058214839700097217B /* HealthProfessionalTableViewCell.swift */ = {isa = PBXFileReference; lastKnownFileType = sourcecode.swift; path = HealthProfessionalTableViewCell.swift; sourceTree = "<group>"; };
		DE7BE059214839700097217B /* HealthProfessionalTableViewCell.xib */ = {isa = PBXFileReference; lastKnownFileType = file.xib; path = HealthProfessionalTableViewCell.xib; sourceTree = "<group>"; };
		DE8998972114E86E00FB74B5 /* BaseModel.swift */ = {isa = PBXFileReference; lastKnownFileType = sourcecode.swift; path = BaseModel.swift; sourceTree = "<group>"; };
		DECF313220F2B5F300BD2683 /* LoginViewController.swift */ = {isa = PBXFileReference; lastKnownFileType = sourcecode.swift; path = LoginViewController.swift; sourceTree = "<group>"; };
		DECFE94E20ED5674006D24A9 /* P3HR.app */ = {isa = PBXFileReference; explicitFileType = wrapper.application; includeInIndex = 0; path = P3HR.app; sourceTree = BUILT_PRODUCTS_DIR; };
		DECFE95120ED5674006D24A9 /* AppDelegate.swift */ = {isa = PBXFileReference; lastKnownFileType = sourcecode.swift; path = AppDelegate.swift; sourceTree = "<group>"; };
		DECFE95320ED5674006D24A9 /* ViewController.swift */ = {isa = PBXFileReference; lastKnownFileType = sourcecode.swift; path = ViewController.swift; sourceTree = "<group>"; };
		DECFE95620ED5674006D24A9 /* Base */ = {isa = PBXFileReference; lastKnownFileType = file.storyboard; name = Base; path = Base.lproj/Main.storyboard; sourceTree = "<group>"; };
		DECFE95920ED5674006D24A9 /* P3HR.xcdatamodel */ = {isa = PBXFileReference; lastKnownFileType = wrapper.xcdatamodel; path = P3HR.xcdatamodel; sourceTree = "<group>"; };
		DECFE95B20ED5676006D24A9 /* Assets.xcassets */ = {isa = PBXFileReference; lastKnownFileType = folder.assetcatalog; path = Assets.xcassets; sourceTree = "<group>"; };
		DECFE95E20ED5676006D24A9 /* Base */ = {isa = PBXFileReference; lastKnownFileType = file.storyboard; name = Base; path = Base.lproj/LaunchScreen.storyboard; sourceTree = "<group>"; };
		DECFE96020ED5676006D24A9 /* Info.plist */ = {isa = PBXFileReference; lastKnownFileType = text.plist.xml; path = Info.plist; sourceTree = "<group>"; };
		DECFE96520ED5676006D24A9 /* P3HRTests.xctest */ = {isa = PBXFileReference; explicitFileType = wrapper.cfbundle; includeInIndex = 0; path = P3HRTests.xctest; sourceTree = BUILT_PRODUCTS_DIR; };
		DECFE96920ED5676006D24A9 /* P3HRTests.swift */ = {isa = PBXFileReference; lastKnownFileType = sourcecode.swift; path = P3HRTests.swift; sourceTree = "<group>"; };
		DECFE96B20ED5676006D24A9 /* Info.plist */ = {isa = PBXFileReference; lastKnownFileType = text.plist.xml; path = Info.plist; sourceTree = "<group>"; };
		DECFE97020ED5676006D24A9 /* P3HRUITests.xctest */ = {isa = PBXFileReference; explicitFileType = wrapper.cfbundle; includeInIndex = 0; path = P3HRUITests.xctest; sourceTree = BUILT_PRODUCTS_DIR; };
		DECFE97420ED5676006D24A9 /* P3HRUITests.swift */ = {isa = PBXFileReference; lastKnownFileType = sourcecode.swift; path = P3HRUITests.swift; sourceTree = "<group>"; };
		DECFE97620ED5676006D24A9 /* Info.plist */ = {isa = PBXFileReference; lastKnownFileType = text.plist.xml; path = Info.plist; sourceTree = "<group>"; };
		DED276E520F2D46200A870FC /* RegistrationViewController.swift */ = {isa = PBXFileReference; lastKnownFileType = sourcecode.swift; path = RegistrationViewController.swift; sourceTree = "<group>"; };
		DED276E720F2D56C00A870FC /* P3HRUtilities.swift */ = {isa = PBXFileReference; lastKnownFileType = sourcecode.swift; path = P3HRUtilities.swift; sourceTree = "<group>"; };
		DED6084521408FCD0076FC88 /* PatientSearchResultViewController.swift */ = {isa = PBXFileReference; lastKnownFileType = sourcecode.swift; path = PatientSearchResultViewController.swift; sourceTree = "<group>"; };
		DED60847214091980076FC88 /* PatientPremissionPresentor.swift */ = {isa = PBXFileReference; lastKnownFileType = sourcecode.swift; path = PatientPremissionPresentor.swift; sourceTree = "<group>"; };
		DEDE515E2120FAF100353394 /* PatientTabBarViewController.swift */ = {isa = PBXFileReference; lastKnownFileType = sourcecode.swift; path = PatientTabBarViewController.swift; sourceTree = "<group>"; };
		DEDE51602120FB4400353394 /* PatientProfileViewController.swift */ = {isa = PBXFileReference; lastKnownFileType = sourcecode.swift; path = PatientProfileViewController.swift; sourceTree = "<group>"; };
		DEDE51622120FB5500353394 /* PatientRecordViewController.swift */ = {isa = PBXFileReference; lastKnownFileType = sourcecode.swift; path = PatientRecordViewController.swift; sourceTree = "<group>"; };
		DEDE5164212100EC00353394 /* PatientNewRecordViewController.swift */ = {isa = PBXFileReference; lastKnownFileType = sourcecode.swift; path = PatientNewRecordViewController.swift; sourceTree = "<group>"; };
		DEDE51662121584B00353394 /* PatientPresentor.swift */ = {isa = PBXFileReference; lastKnownFileType = sourcecode.swift; path = PatientPresentor.swift; sourceTree = "<group>"; };
		DEDE51692121649800353394 /* RecordTableViewCell.swift */ = {isa = PBXFileReference; lastKnownFileType = sourcecode.swift; path = RecordTableViewCell.swift; sourceTree = "<group>"; };
		DEDE516A2121649800353394 /* RecordTableViewCell.xib */ = {isa = PBXFileReference; lastKnownFileType = file.xib; path = RecordTableViewCell.xib; sourceTree = "<group>"; };
		DEDE516D2121680000353394 /* Record.swift */ = {isa = PBXFileReference; lastKnownFileType = sourcecode.swift; path = Record.swift; sourceTree = "<group>"; };
		DEDE516F2121D54800353394 /* Patient.swift */ = {isa = PBXFileReference; lastKnownFileType = sourcecode.swift; path = Patient.swift; sourceTree = "<group>"; };
		DEDE51712121E29500353394 /* PatientEditProfileViewController.swift */ = {isa = PBXFileReference; lastKnownFileType = sourcecode.swift; path = PatientEditProfileViewController.swift; sourceTree = "<group>"; };
		DEE560E920F91DC600E753E4 /* en */ = {isa = PBXFileReference; lastKnownFileType = text.plist.strings; name = en; path = en.lproj/EnglishLocalizable.strings; sourceTree = "<group>"; };
		DEE560EB20F91E9400E753E4 /* ErrorMessage.swift */ = {isa = PBXFileReference; lastKnownFileType = sourcecode.swift; path = ErrorMessage.swift; sourceTree = "<group>"; };
		DEE560ED20F9324100E753E4 /* PatientHomeViewController.swift */ = {isa = PBXFileReference; lastKnownFileType = sourcecode.swift; path = PatientHomeViewController.swift; sourceTree = "<group>"; };
		DEE560F020F9355600E753E4 /* PaitentHomeCellTableViewCell.swift */ = {isa = PBXFileReference; lastKnownFileType = sourcecode.swift; path = PaitentHomeCellTableViewCell.swift; sourceTree = "<group>"; };
		DEE560F120F9355600E753E4 /* PaitentHomeCellTableViewCell.xib */ = {isa = PBXFileReference; lastKnownFileType = file.xib; path = PaitentHomeCellTableViewCell.xib; sourceTree = "<group>"; };
		DEE560F620F9468800E753E4 /* ProfessionalHomeScreen.swift */ = {isa = PBXFileReference; lastKnownFileType = sourcecode.swift; path = ProfessionalHomeScreen.swift; sourceTree = "<group>"; };
		E2381B65E543EACA7CD5262E /* Pods-P3HR.debug.xcconfig */ = {isa = PBXFileReference; includeInIndex = 1; lastKnownFileType = text.xcconfig; name = "Pods-P3HR.debug.xcconfig"; path = "Pods/Target Support Files/Pods-P3HR/Pods-P3HR.debug.xcconfig"; sourceTree = "<group>"; };
		F7A9D308806A6DBBFCF858DF /* Pods-P3HRUITests.debug.xcconfig */ = {isa = PBXFileReference; includeInIndex = 1; lastKnownFileType = text.xcconfig; name = "Pods-P3HRUITests.debug.xcconfig"; path = "Pods/Target Support Files/Pods-P3HRUITests/Pods-P3HRUITests.debug.xcconfig"; sourceTree = "<group>"; };
/* End PBXFileReference section */

/* Begin PBXFrameworksBuildPhase section */
		DECFE94B20ED5674006D24A9 /* Frameworks */ = {
			isa = PBXFrameworksBuildPhase;
			buildActionMask = 2147483647;
			files = (
				88843DA0DF6873AD8373FBBB /* Pods_P3HR.framework in Frameworks */,
			);
			runOnlyForDeploymentPostprocessing = 0;
		};
		DECFE96220ED5676006D24A9 /* Frameworks */ = {
			isa = PBXFrameworksBuildPhase;
			buildActionMask = 2147483647;
			files = (
				ABB4A76CB426D964D6842F3F /* Pods_P3HRTests.framework in Frameworks */,
			);
			runOnlyForDeploymentPostprocessing = 0;
		};
		DECFE96D20ED5676006D24A9 /* Frameworks */ = {
			isa = PBXFrameworksBuildPhase;
			buildActionMask = 2147483647;
			files = (
				3E24F90640AC14FB4E3C5958 /* Pods_P3HRUITests.framework in Frameworks */,
			);
			runOnlyForDeploymentPostprocessing = 0;
		};
/* End PBXFrameworksBuildPhase section */

/* Begin PBXGroup section */
		5F29E54B1E4A514060F2F94D /* Frameworks */ = {
			isa = PBXGroup;
			children = (
				8A48DE3A87559891F708C52B /* Pods_P3HR.framework */,
				957EBDF8A43BFF7B9AFFF7FE /* Pods_P3HRTests.framework */,
				241BA549CC45C3829721BBCE /* Pods_P3HRUITests.framework */,
			);
			name = Frameworks;
			sourceTree = "<group>";
		};
		BD69AD2DAE133625F01267A5 /* Pods */ = {
			isa = PBXGroup;
			children = (
				E2381B65E543EACA7CD5262E /* Pods-P3HR.debug.xcconfig */,
				5CF16D2425B6D7EF1A7B350E /* Pods-P3HR.release.xcconfig */,
				9FCDC15411E9DD7B9B1136E8 /* Pods-P3HRTests.debug.xcconfig */,
				018D9C274AD4211E0FBFD366 /* Pods-P3HRTests.release.xcconfig */,
				F7A9D308806A6DBBFCF858DF /* Pods-P3HRUITests.debug.xcconfig */,
				C8791EF9BD56C738D7431386 /* Pods-P3HRUITests.release.xcconfig */,
			);
			name = Pods;
			sourceTree = "<group>";
		};
		DE385E59211A470F00CFBDA0 /* TableViewCell */ = {
			isa = PBXGroup;
			children = (
				DE385E5A211A473D00CFBDA0 /* ProfileUpdateDropDownTableViewCell.swift */,
				DE385E5B211A473D00CFBDA0 /* ProfileUpdateDropDownTableViewCell.xib */,
			);
			path = TableViewCell;
			sourceTree = "<group>";
		};
		DE62F8B920ED577A001D7BA2 /* Utilities */ = {
			isa = PBXGroup;
			children = (
				DE62F8CB20ED58D9001D7BA2 /* General */,
				DE62F8CA20ED58C0001D7BA2 /* P3HRSpecific */,
			);
			path = Utilities;
			sourceTree = "<group>";
		};
		DE62F8CA20ED58C0001D7BA2 /* P3HRSpecific */ = {
			isa = PBXGroup;
			children = (
				DE62F8C220ED5866001D7BA2 /* P3HRLabel.swift */,
				DE62F8C420ED5880001D7BA2 /* P3HRTextField.swift */,
				DE62F8C620ED5890001D7BA2 /* P3HRTextView.swift */,
				DE62F8C820ED58B7001D7BA2 /* P3HRButton.swift */,
				DED276E720F2D56C00A870FC /* P3HRUtilities.swift */,
				DE385E60211A47ED00CFBDA0 /* P3HRDropDownTextField.swift */,
			);
			path = P3HRSpecific;
			sourceTree = "<group>";
		};
		DE62F8CB20ED58D9001D7BA2 /* General */ = {
			isa = PBXGroup;
			children = (
				DE62F8D720ED5A4D001D7BA2 /* Style.swift */,
				DE62F8D620ED5A4C001D7BA2 /* TableViewHelper.swift */,
				DE62F8D420ED5A4C001D7BA2 /* UIView.swift */,
				DE62F8CF20ED5923001D7BA2 /* ActivityIndicatorManager.swift */,
				DE62F8CE20ED5923001D7BA2 /* AlertManager.swift */,
				DE62F8BD20ED5826001D7BA2 /* Constants.swift */,
				DE62F8BA20ED5826001D7BA2 /* Image.swift */,
				DE62F8BB20ED5826001D7BA2 /* StoryboardHelper.swift */,
				DE62F8BC20ED5826001D7BA2 /* StringHelper.swift */,
				DEE560EB20F91E9400E753E4 /* ErrorMessage.swift */,
			);
			path = General;
			sourceTree = "<group>";
		};
		DE62F8DE20ED5BEB001D7BA2 /* Modules */ = {
			isa = PBXGroup;
			children = (
				DE62F8E120ED5C01001D7BA2 /* Patient */,
				DE62F8E020ED5BF9001D7BA2 /* Professional */,
				DE62F8DF20ED5BF1001D7BA2 /* Login */,
			);
			path = Modules;
			sourceTree = "<group>";
		};
		DE62F8DF20ED5BF1001D7BA2 /* Login */ = {
			isa = PBXGroup;
			children = (
				DE62F8E520ED5C4B001D7BA2 /* Controller */,
				DE62F8E420ED5C34001D7BA2 /* Presenter */,
				DE62F8E320ED5C2F001D7BA2 /* Model */,
				DE62F8E220ED5C24001D7BA2 /* View */,
			);
			path = Login;
			sourceTree = "<group>";
		};
		DE62F8E020ED5BF9001D7BA2 /* Professional */ = {
			isa = PBXGroup;
			children = (
				DE62F8EA20ED5C71001D7BA2 /* View */,
				DE62F8E920ED5C6B001D7BA2 /* Model */,
				DE62F8E820ED5C60001D7BA2 /* Presenter */,
				DE62F8E720ED5C5A001D7BA2 /* Controller */,
			);
			path = Professional;
			sourceTree = "<group>";
		};
		DE62F8E120ED5C01001D7BA2 /* Patient */ = {
			isa = PBXGroup;
			children = (
				DE62F8EF20ED5C8E001D7BA2 /* View */,
				DE62F8EE20ED5C8A001D7BA2 /* Model */,
				DE62F8ED20ED5C84001D7BA2 /* Presentor */,
				DE62F8EC20ED5C7E001D7BA2 /* Controller */,
			);
			path = Patient;
			sourceTree = "<group>";
		};
		DE62F8E220ED5C24001D7BA2 /* View */ = {
			isa = PBXGroup;
			children = (
				DE62F8E620ED5C51001D7BA2 /* Storyboard */,
			);
			path = View;
			sourceTree = "<group>";
		};
		DE62F8E320ED5C2F001D7BA2 /* Model */ = {
			isa = PBXGroup;
			children = (
				DE385E62211A689400CFBDA0 /* AuthModel.swift */,
			);
			path = Model;
			sourceTree = "<group>";
		};
		DE62F8E420ED5C34001D7BA2 /* Presenter */ = {
			isa = PBXGroup;
			children = (
				DE53B7992113C9EC0015278A /* AuthPresentor.swift */,
			);
			path = Presenter;
			sourceTree = "<group>";
		};
		DE62F8E520ED5C4B001D7BA2 /* Controller */ = {
			isa = PBXGroup;
			children = (
				DECF313220F2B5F300BD2683 /* LoginViewController.swift */,
				DE6B05112130F1AE00030D45 /* ProfessionalCodeVerificaiationViewController.swift */,
				DED276E520F2D46200A870FC /* RegistrationViewController.swift */,
			);
			path = Controller;
			sourceTree = "<group>";
		};
		DE62F8E620ED5C51001D7BA2 /* Storyboard */ = {
			isa = PBXGroup;
			children = (
				DE62F8F220ED5CBE001D7BA2 /* LoginStoryboard.storyboard */,
			);
			path = Storyboard;
			sourceTree = "<group>";
		};
		DE62F8E720ED5C5A001D7BA2 /* Controller */ = {
			isa = PBXGroup;
			children = (
				DEE560F620F9468800E753E4 /* ProfessionalHomeScreen.swift */,
				DE385E57211A3FF600CFBDA0 /* ProfessionalProfileUpdateViewController.swift */,
			);
			path = Controller;
			sourceTree = "<group>";
		};
		DE62F8E820ED5C60001D7BA2 /* Presenter */ = {
			isa = PBXGroup;
			children = (
				DE53B79B2114202E0015278A /* ProfessionalPresentor.swift */,
			);
			path = Presenter;
			sourceTree = "<group>";
		};
		DE62F8E920ED5C6B001D7BA2 /* Model */ = {
			isa = PBXGroup;
			children = (
				DE53B79D211422640015278A /* DefaultConfiguration.swift */,
				DE385E64211A7FF200CFBDA0 /* Profile.swift */,
				DE6B05132130F30A00030D45 /* Code.swift */,
			);
			path = Model;
			sourceTree = "<group>";
		};
		DE62F8EA20ED5C71001D7BA2 /* View */ = {
			isa = PBXGroup;
			children = (
				DE385E59211A470F00CFBDA0 /* TableViewCell */,
				DE62F8EB20ED5C75001D7BA2 /* Storyboard */,
			);
			path = View;
			sourceTree = "<group>";
		};
		DE62F8EB20ED5C75001D7BA2 /* Storyboard */ = {
			isa = PBXGroup;
			children = (
				DE62F8F420ED5CD1001D7BA2 /* ProfessionalStoryboard.storyboard */,
			);
			path = Storyboard;
			sourceTree = "<group>";
		};
		DE62F8EC20ED5C7E001D7BA2 /* Controller */ = {
			isa = PBXGroup;
			children = (
				DEE560ED20F9324100E753E4 /* PatientHomeViewController.swift */,
				DEDE515E2120FAF100353394 /* PatientTabBarViewController.swift */,
				DEDE51602120FB4400353394 /* PatientProfileViewController.swift */,
				DEDE51622120FB5500353394 /* PatientRecordViewController.swift */,
				DEDE5164212100EC00353394 /* PatientNewRecordViewController.swift */,
				DEDE51712121E29500353394 /* PatientEditProfileViewController.swift */,
				DE2439F4213319F000381F33 /* PatientAttachmentViewController.swift */,
				DE2439F6213360C600381F33 /* PatientEditPermissionViewController.swift */,
				DED6084521408FCD0076FC88 /* PatientSearchResultViewController.swift */,
			);
			path = Controller;
			sourceTree = "<group>";
		};
		DE62F8ED20ED5C84001D7BA2 /* Presentor */ = {
			isa = PBXGroup;
			children = (
				DEDE51662121584B00353394 /* PatientPresentor.swift */,
				DED60847214091980076FC88 /* PatientPremissionPresentor.swift */,
			);
			path = Presentor;
			sourceTree = "<group>";
		};
		DE62F8EE20ED5C8A001D7BA2 /* Model */ = {
			isa = PBXGroup;
			children = (
				DEDE516D2121680000353394 /* Record.swift */,
				DEDE516F2121D54800353394 /* Patient.swift */,
				DE7BE0552148337D0097217B /* HealthProfessional.swift */,
			);
			path = Model;
			sourceTree = "<group>";
		};
		DE62F8EF20ED5C8E001D7BA2 /* View */ = {
			isa = PBXGroup;
			children = (
				DEE560EF20F9344400E753E4 /* Cell */,
				DE62F8F020ED5C95001D7BA2 /* Storyboard */,
			);
			path = View;
			sourceTree = "<group>";
		};
		DE62F8F020ED5C95001D7BA2 /* Storyboard */ = {
			isa = PBXGroup;
			children = (
				DE62F8F620ED5CDD001D7BA2 /* PatientStoryboard.storyboard */,
			);
			path = Storyboard;
			sourceTree = "<group>";
		};
		DE62F8F120ED5CA7001D7BA2 /* Network */ = {
			isa = PBXGroup;
			children = (
				DE53B7952113C6B60015278A /* NetworkManager.swift */,
				DE53B7972113C6C50015278A /* NetworkConstants.swift */,
				DE8998972114E86E00FB74B5 /* BaseModel.swift */,
			);
			path = Network;
			sourceTree = "<group>";
		};
		DE7BE057214839490097217B /* HealthProfessionalCell */ = {
			isa = PBXGroup;
			children = (
				DE7BE058214839700097217B /* HealthProfessionalTableViewCell.swift */,
				DE7BE059214839700097217B /* HealthProfessionalTableViewCell.xib */,
			);
			path = HealthProfessionalCell;
			sourceTree = "<group>";
		};
		DECFE94520ED5674006D24A9 = {
			isa = PBXGroup;
			children = (
				DECFE95020ED5674006D24A9 /* P3HR */,
				DECFE96820ED5676006D24A9 /* P3HRTests */,
				DECFE97320ED5676006D24A9 /* P3HRUITests */,
				DECFE94F20ED5674006D24A9 /* Products */,
				BD69AD2DAE133625F01267A5 /* Pods */,
				5F29E54B1E4A514060F2F94D /* Frameworks */,
			);
			sourceTree = "<group>";
		};
		DECFE94F20ED5674006D24A9 /* Products */ = {
			isa = PBXGroup;
			children = (
				DECFE94E20ED5674006D24A9 /* P3HR.app */,
				DECFE96520ED5676006D24A9 /* P3HRTests.xctest */,
				DECFE97020ED5676006D24A9 /* P3HRUITests.xctest */,
			);
			name = Products;
			sourceTree = "<group>";
		};
		DECFE95020ED5674006D24A9 /* P3HR */ = {
			isa = PBXGroup;
			children = (
				DE62F8F120ED5CA7001D7BA2 /* Network */,
				DE62F8DE20ED5BEB001D7BA2 /* Modules */,
				DE62F8B920ED577A001D7BA2 /* Utilities */,
				DECFE98220ED568A006D24A9 /* SupportingFiles */,
			);
			path = P3HR;
			sourceTree = "<group>";
		};
		DECFE96820ED5676006D24A9 /* P3HRTests */ = {
			isa = PBXGroup;
			children = (
				DECFE96920ED5676006D24A9 /* P3HRTests.swift */,
				DECFE96B20ED5676006D24A9 /* Info.plist */,
			);
			path = P3HRTests;
			sourceTree = "<group>";
		};
		DECFE97320ED5676006D24A9 /* P3HRUITests */ = {
			isa = PBXGroup;
			children = (
				DECFE97420ED5676006D24A9 /* P3HRUITests.swift */,
				DECFE97620ED5676006D24A9 /* Info.plist */,
			);
			path = P3HRUITests;
			sourceTree = "<group>";
		};
		DECFE98220ED568A006D24A9 /* SupportingFiles */ = {
			isa = PBXGroup;
			children = (
				DECFE95120ED5674006D24A9 /* AppDelegate.swift */,
				DECFE95320ED5674006D24A9 /* ViewController.swift */,
				DECFE95520ED5674006D24A9 /* Main.storyboard */,
				DECFE95B20ED5676006D24A9 /* Assets.xcassets */,
				DECFE95D20ED5676006D24A9 /* LaunchScreen.storyboard */,
				DECFE96020ED5676006D24A9 /* Info.plist */,
				DECFE95820ED5674006D24A9 /* P3HR.xcdatamodeld */,
				DE62F8DC20ED5BBA001D7BA2 /* ParentViewController.swift */,
				DEE560EA20F91DC600E753E4 /* EnglishLocalizable.strings */,
			);
			name = SupportingFiles;
			sourceTree = "<group>";
		};
		DEDE51682121647500353394 /* RecordCell */ = {
			isa = PBXGroup;
			children = (
				DEDE51692121649800353394 /* RecordTableViewCell.swift */,
				DEDE516A2121649800353394 /* RecordTableViewCell.xib */,
			);
			path = RecordCell;
			sourceTree = "<group>";
		};
		DEE560EF20F9344400E753E4 /* Cell */ = {
			isa = PBXGroup;
			children = (
				DE7BE057214839490097217B /* HealthProfessionalCell */,
				DEDE51682121647500353394 /* RecordCell */,
				DEE560F020F9355600E753E4 /* PaitentHomeCellTableViewCell.swift */,
				DEE560F120F9355600E753E4 /* PaitentHomeCellTableViewCell.xib */,
			);
			path = Cell;
			sourceTree = "<group>";
		};
/* End PBXGroup section */

/* Begin PBXNativeTarget section */
		DECFE94D20ED5674006D24A9 /* P3HR */ = {
			isa = PBXNativeTarget;
			buildConfigurationList = DECFE97920ED5676006D24A9 /* Build configuration list for PBXNativeTarget "P3HR" */;
			buildPhases = (
				0FAF09DC91DECEC981886549 /* [CP] Check Pods Manifest.lock */,
				DECFE94A20ED5674006D24A9 /* Sources */,
				DECFE94B20ED5674006D24A9 /* Frameworks */,
				DECFE94C20ED5674006D24A9 /* Resources */,
				AB4ACD58438246485802F5BA /* [CP] Embed Pods Frameworks */,
			);
			buildRules = (
			);
			dependencies = (
			);
			name = P3HR;
			productName = P3HR;
			productReference = DECFE94E20ED5674006D24A9 /* P3HR.app */;
			productType = "com.apple.product-type.application";
		};
		DECFE96420ED5676006D24A9 /* P3HRTests */ = {
			isa = PBXNativeTarget;
			buildConfigurationList = DECFE97C20ED5676006D24A9 /* Build configuration list for PBXNativeTarget "P3HRTests" */;
			buildPhases = (
				F0E0FD6601B65101152A69E2 /* [CP] Check Pods Manifest.lock */,
				DECFE96120ED5676006D24A9 /* Sources */,
				DECFE96220ED5676006D24A9 /* Frameworks */,
				DECFE96320ED5676006D24A9 /* Resources */,
			);
			buildRules = (
			);
			dependencies = (
				DECFE96720ED5676006D24A9 /* PBXTargetDependency */,
			);
			name = P3HRTests;
			productName = P3HRTests;
			productReference = DECFE96520ED5676006D24A9 /* P3HRTests.xctest */;
			productType = "com.apple.product-type.bundle.unit-test";
		};
		DECFE96F20ED5676006D24A9 /* P3HRUITests */ = {
			isa = PBXNativeTarget;
			buildConfigurationList = DECFE97F20ED5676006D24A9 /* Build configuration list for PBXNativeTarget "P3HRUITests" */;
			buildPhases = (
				29582B381BF4379201A17A6E /* [CP] Check Pods Manifest.lock */,
				DECFE96C20ED5676006D24A9 /* Sources */,
				DECFE96D20ED5676006D24A9 /* Frameworks */,
				DECFE96E20ED5676006D24A9 /* Resources */,
			);
			buildRules = (
			);
			dependencies = (
				DECFE97220ED5676006D24A9 /* PBXTargetDependency */,
			);
			name = P3HRUITests;
			productName = P3HRUITests;
			productReference = DECFE97020ED5676006D24A9 /* P3HRUITests.xctest */;
			productType = "com.apple.product-type.bundle.ui-testing";
		};
/* End PBXNativeTarget section */

/* Begin PBXProject section */
		DECFE94620ED5674006D24A9 /* Project object */ = {
			isa = PBXProject;
			attributes = {
				LastSwiftUpdateCheck = 0940;
				LastUpgradeCheck = 0940;
				ORGANIZATIONNAME = "Ankit Angra";
				TargetAttributes = {
					DECFE94D20ED5674006D24A9 = {
						CreatedOnToolsVersion = 9.4.1;
					};
					DECFE96420ED5676006D24A9 = {
						CreatedOnToolsVersion = 9.4.1;
						TestTargetID = DECFE94D20ED5674006D24A9;
					};
					DECFE96F20ED5676006D24A9 = {
						CreatedOnToolsVersion = 9.4.1;
						TestTargetID = DECFE94D20ED5674006D24A9;
					};
				};
			};
			buildConfigurationList = DECFE94920ED5674006D24A9 /* Build configuration list for PBXProject "P3HR" */;
			compatibilityVersion = "Xcode 9.3";
			developmentRegion = en;
			hasScannedForEncodings = 0;
			knownRegions = (
				en,
				Base,
			);
			mainGroup = DECFE94520ED5674006D24A9;
			productRefGroup = DECFE94F20ED5674006D24A9 /* Products */;
			projectDirPath = "";
			projectRoot = "";
			targets = (
				DECFE94D20ED5674006D24A9 /* P3HR */,
				DECFE96420ED5676006D24A9 /* P3HRTests */,
				DECFE96F20ED5676006D24A9 /* P3HRUITests */,
			);
		};
/* End PBXProject section */

/* Begin PBXResourcesBuildPhase section */
		DECFE94C20ED5674006D24A9 /* Resources */ = {
			isa = PBXResourcesBuildPhase;
			buildActionMask = 2147483647;
			files = (
				DECFE95F20ED5676006D24A9 /* LaunchScreen.storyboard in Resources */,
				DE62F8F720ED5CDD001D7BA2 /* PatientStoryboard.storyboard in Resources */,
				DEE560E820F91DC600E753E4 /* EnglishLocalizable.strings in Resources */,
				DE7BE05B214839700097217B /* HealthProfessionalTableViewCell.xib in Resources */,
				DE62F8F520ED5CD1001D7BA2 /* ProfessionalStoryboard.storyboard in Resources */,
				DE385E5D211A473D00CFBDA0 /* ProfileUpdateDropDownTableViewCell.xib in Resources */,
				DEE560F320F9355600E753E4 /* PaitentHomeCellTableViewCell.xib in Resources */,
				DECFE95C20ED5676006D24A9 /* Assets.xcassets in Resources */,
				DECFE95720ED5674006D24A9 /* Main.storyboard in Resources */,
				DEDE516C2121649800353394 /* RecordTableViewCell.xib in Resources */,
				DE62F8F320ED5CBE001D7BA2 /* LoginStoryboard.storyboard in Resources */,
			);
			runOnlyForDeploymentPostprocessing = 0;
		};
		DECFE96320ED5676006D24A9 /* Resources */ = {
			isa = PBXResourcesBuildPhase;
			buildActionMask = 2147483647;
			files = (
			);
			runOnlyForDeploymentPostprocessing = 0;
		};
		DECFE96E20ED5676006D24A9 /* Resources */ = {
			isa = PBXResourcesBuildPhase;
			buildActionMask = 2147483647;
			files = (
			);
			runOnlyForDeploymentPostprocessing = 0;
		};
/* End PBXResourcesBuildPhase section */

/* Begin PBXShellScriptBuildPhase section */
		0FAF09DC91DECEC981886549 /* [CP] Check Pods Manifest.lock */ = {
			isa = PBXShellScriptBuildPhase;
			buildActionMask = 2147483647;
			files = (
			);
			inputPaths = (
				"${PODS_PODFILE_DIR_PATH}/Podfile.lock",
				"${PODS_ROOT}/Manifest.lock",
			);
			name = "[CP] Check Pods Manifest.lock";
			outputPaths = (
				"$(DERIVED_FILE_DIR)/Pods-P3HR-checkManifestLockResult.txt",
			);
			runOnlyForDeploymentPostprocessing = 0;
			shellPath = /bin/sh;
			shellScript = "diff \"${PODS_PODFILE_DIR_PATH}/Podfile.lock\" \"${PODS_ROOT}/Manifest.lock\" > /dev/null\nif [ $? != 0 ] ; then\n    # print error to STDERR\n    echo \"error: The sandbox is not in sync with the Podfile.lock. Run 'pod install' or update your CocoaPods installation.\" >&2\n    exit 1\nfi\n# This output is used by Xcode 'outputs' to avoid re-running this script phase.\necho \"SUCCESS\" > \"${SCRIPT_OUTPUT_FILE_0}\"\n";
			showEnvVarsInLog = 0;
		};
		29582B381BF4379201A17A6E /* [CP] Check Pods Manifest.lock */ = {
			isa = PBXShellScriptBuildPhase;
			buildActionMask = 2147483647;
			files = (
			);
			inputPaths = (
				"${PODS_PODFILE_DIR_PATH}/Podfile.lock",
				"${PODS_ROOT}/Manifest.lock",
			);
			name = "[CP] Check Pods Manifest.lock";
			outputPaths = (
				"$(DERIVED_FILE_DIR)/Pods-P3HRUITests-checkManifestLockResult.txt",
			);
			runOnlyForDeploymentPostprocessing = 0;
			shellPath = /bin/sh;
			shellScript = "diff \"${PODS_PODFILE_DIR_PATH}/Podfile.lock\" \"${PODS_ROOT}/Manifest.lock\" > /dev/null\nif [ $? != 0 ] ; then\n    # print error to STDERR\n    echo \"error: The sandbox is not in sync with the Podfile.lock. Run 'pod install' or update your CocoaPods installation.\" >&2\n    exit 1\nfi\n# This output is used by Xcode 'outputs' to avoid re-running this script phase.\necho \"SUCCESS\" > \"${SCRIPT_OUTPUT_FILE_0}\"\n";
			showEnvVarsInLog = 0;
		};
		AB4ACD58438246485802F5BA /* [CP] Embed Pods Frameworks */ = {
			isa = PBXShellScriptBuildPhase;
			buildActionMask = 2147483647;
			files = (
			);
			inputPaths = (
				"${SRCROOT}/Pods/Target Support Files/Pods-P3HR/Pods-P3HR-frameworks.sh",
				"${BUILT_PRODUCTS_DIR}/Alamofire/Alamofire.framework",
				"${BUILT_PRODUCTS_DIR}/AlamofireNetworkActivityLogger/AlamofireNetworkActivityLogger.framework",
				"${BUILT_PRODUCTS_DIR}/EVReflection/EVReflection.framework",
				"${BUILT_PRODUCTS_DIR}/IQKeyboardManagerSwift/IQKeyboardManagerSwift.framework",
				"${BUILT_PRODUCTS_DIR}/JVFloatLabeledTextField/JVFloatLabeledTextField.framework",
				"${BUILT_PRODUCTS_DIR}/PMSuperButton/PMSuperButton.framework",
				"${BUILT_PRODUCTS_DIR}/SDWebImage/SDWebImage.framework",
				"${BUILT_PRODUCTS_DIR}/SVProgressHUD/SVProgressHUD.framework",
			);
			name = "[CP] Embed Pods Frameworks";
			outputPaths = (
				"${TARGET_BUILD_DIR}/${FRAMEWORKS_FOLDER_PATH}/Alamofire.framework",
				"${TARGET_BUILD_DIR}/${FRAMEWORKS_FOLDER_PATH}/AlamofireNetworkActivityLogger.framework",
				"${TARGET_BUILD_DIR}/${FRAMEWORKS_FOLDER_PATH}/EVReflection.framework",
				"${TARGET_BUILD_DIR}/${FRAMEWORKS_FOLDER_PATH}/IQKeyboardManagerSwift.framework",
				"${TARGET_BUILD_DIR}/${FRAMEWORKS_FOLDER_PATH}/JVFloatLabeledTextField.framework",
				"${TARGET_BUILD_DIR}/${FRAMEWORKS_FOLDER_PATH}/PMSuperButton.framework",
				"${TARGET_BUILD_DIR}/${FRAMEWORKS_FOLDER_PATH}/SDWebImage.framework",
				"${TARGET_BUILD_DIR}/${FRAMEWORKS_FOLDER_PATH}/SVProgressHUD.framework",
			);
			runOnlyForDeploymentPostprocessing = 0;
			shellPath = /bin/sh;
			shellScript = "\"${SRCROOT}/Pods/Target Support Files/Pods-P3HR/Pods-P3HR-frameworks.sh\"\n";
			showEnvVarsInLog = 0;
		};
		F0E0FD6601B65101152A69E2 /* [CP] Check Pods Manifest.lock */ = {
			isa = PBXShellScriptBuildPhase;
			buildActionMask = 2147483647;
			files = (
			);
			inputPaths = (
				"${PODS_PODFILE_DIR_PATH}/Podfile.lock",
				"${PODS_ROOT}/Manifest.lock",
			);
			name = "[CP] Check Pods Manifest.lock";
			outputPaths = (
				"$(DERIVED_FILE_DIR)/Pods-P3HRTests-checkManifestLockResult.txt",
			);
			runOnlyForDeploymentPostprocessing = 0;
			shellPath = /bin/sh;
			shellScript = "diff \"${PODS_PODFILE_DIR_PATH}/Podfile.lock\" \"${PODS_ROOT}/Manifest.lock\" > /dev/null\nif [ $? != 0 ] ; then\n    # print error to STDERR\n    echo \"error: The sandbox is not in sync with the Podfile.lock. Run 'pod install' or update your CocoaPods installation.\" >&2\n    exit 1\nfi\n# This output is used by Xcode 'outputs' to avoid re-running this script phase.\necho \"SUCCESS\" > \"${SCRIPT_OUTPUT_FILE_0}\"\n";
			showEnvVarsInLog = 0;
		};
/* End PBXShellScriptBuildPhase section */

/* Begin PBXSourcesBuildPhase section */
		DECFE94A20ED5674006D24A9 /* Sources */ = {
			isa = PBXSourcesBuildPhase;
			buildActionMask = 2147483647;
			files = (
				DEDE515F2120FAF100353394 /* PatientTabBarViewController.swift in Sources */,
				DE53B7982113C6C50015278A /* NetworkConstants.swift in Sources */,
				DE53B7962113C6B60015278A /* NetworkManager.swift in Sources */,
				DECF313320F2B5F300BD2683 /* LoginViewController.swift in Sources */,
				DE6B05142130F30A00030D45 /* Code.swift in Sources */,
				DEE560F220F9355600E753E4 /* PaitentHomeCellTableViewCell.swift in Sources */,
				DEE560EC20F91E9400E753E4 /* ErrorMessage.swift in Sources */,
				DE2439F7213360C600381F33 /* PatientEditPermissionViewController.swift in Sources */,
				DE62F8C720ED5890001D7BA2 /* P3HRTextView.swift in Sources */,
				DEDE51702121D54800353394 /* Patient.swift in Sources */,
				DE385E58211A3FF600CFBDA0 /* ProfessionalProfileUpdateViewController.swift in Sources */,
				DEDE51672121584B00353394 /* PatientPresentor.swift in Sources */,
				DED276E620F2D46200A870FC /* RegistrationViewController.swift in Sources */,
				DE62F8DD20ED5BBA001D7BA2 /* ParentViewController.swift in Sources */,
				DEDE51722121E29500353394 /* PatientEditProfileViewController.swift in Sources */,
				DE62F8C020ED5826001D7BA2 /* StringHelper.swift in Sources */,
				DECFE95A20ED5674006D24A9 /* P3HR.xcdatamodeld in Sources */,
				DE53B79C2114202E0015278A /* ProfessionalPresentor.swift in Sources */,
				DE62F8BE20ED5826001D7BA2 /* Image.swift in Sources */,
				DECFE95420ED5674006D24A9 /* ViewController.swift in Sources */,
				DEDE516B2121649800353394 /* RecordTableViewCell.swift in Sources */,
				DE53B79E211422640015278A /* DefaultConfiguration.swift in Sources */,
				DEE560EE20F9324100E753E4 /* PatientHomeViewController.swift in Sources */,
				DE385E63211A689400CFBDA0 /* AuthModel.swift in Sources */,
				DE385E5C211A473D00CFBDA0 /* ProfileUpdateDropDownTableViewCell.swift in Sources */,
				DE62F8C120ED5826001D7BA2 /* Constants.swift in Sources */,
				DE62F8DB20ED5A4D001D7BA2 /* Style.swift in Sources */,
				DE385E65211A7FF200CFBDA0 /* Profile.swift in Sources */,
				DE62F8C920ED58B7001D7BA2 /* P3HRButton.swift in Sources */,
				DE62F8D320ED5923001D7BA2 /* ActivityIndicatorManager.swift in Sources */,
				DED6084621408FCD0076FC88 /* PatientSearchResultViewController.swift in Sources */,
				DEDE5165212100EC00353394 /* PatientNewRecordViewController.swift in Sources */,
				DE62F8C520ED5880001D7BA2 /* P3HRTextField.swift in Sources */,
				DE8998982114E86E00FB74B5 /* BaseModel.swift in Sources */,
				DE62F8DA20ED5A4D001D7BA2 /* TableViewHelper.swift in Sources */,
				DE62F8D820ED5A4D001D7BA2 /* UIView.swift in Sources */,
				DE53B79A2113C9EC0015278A /* AuthPresentor.swift in Sources */,
				DEDE516E2121680000353394 /* Record.swift in Sources */,
				DE7BE0562148337D0097217B /* HealthProfessional.swift in Sources */,
				DED276E820F2D56C00A870FC /* P3HRUtilities.swift in Sources */,
				DE62F8BF20ED5826001D7BA2 /* StoryboardHelper.swift in Sources */,
				DE2439F5213319F000381F33 /* PatientAttachmentViewController.swift in Sources */,
				DE6B05122130F1AE00030D45 /* ProfessionalCodeVerificaiationViewController.swift in Sources */,
				DEDE51612120FB4400353394 /* PatientProfileViewController.swift in Sources */,
				DE385E61211A47ED00CFBDA0 /* P3HRDropDownTextField.swift in Sources */,
				DECFE95220ED5674006D24A9 /* AppDelegate.swift in Sources */,
				DEE560F720F9468800E753E4 /* ProfessionalHomeScreen.swift in Sources */,
				DED60848214091980076FC88 /* PatientPremissionPresentor.swift in Sources */,
				DE62F8D220ED5923001D7BA2 /* AlertManager.swift in Sources */,
				DE62F8C320ED5866001D7BA2 /* P3HRLabel.swift in Sources */,
				DE7BE05A214839700097217B /* HealthProfessionalTableViewCell.swift in Sources */,
				DEDE51632120FB5500353394 /* PatientRecordViewController.swift in Sources */,
			);
			runOnlyForDeploymentPostprocessing = 0;
		};
		DECFE96120ED5676006D24A9 /* Sources */ = {
			isa = PBXSourcesBuildPhase;
			buildActionMask = 2147483647;
			files = (
				DECFE96A20ED5676006D24A9 /* P3HRTests.swift in Sources */,
			);
			runOnlyForDeploymentPostprocessing = 0;
		};
		DECFE96C20ED5676006D24A9 /* Sources */ = {
			isa = PBXSourcesBuildPhase;
			buildActionMask = 2147483647;
			files = (
				DECFE97520ED5676006D24A9 /* P3HRUITests.swift in Sources */,
			);
			runOnlyForDeploymentPostprocessing = 0;
		};
/* End PBXSourcesBuildPhase section */

/* Begin PBXTargetDependency section */
		DECFE96720ED5676006D24A9 /* PBXTargetDependency */ = {
			isa = PBXTargetDependency;
			target = DECFE94D20ED5674006D24A9 /* P3HR */;
			targetProxy = DECFE96620ED5676006D24A9 /* PBXContainerItemProxy */;
		};
		DECFE97220ED5676006D24A9 /* PBXTargetDependency */ = {
			isa = PBXTargetDependency;
			target = DECFE94D20ED5674006D24A9 /* P3HR */;
			targetProxy = DECFE97120ED5676006D24A9 /* PBXContainerItemProxy */;
		};
/* End PBXTargetDependency section */

/* Begin PBXVariantGroup section */
		DECFE95520ED5674006D24A9 /* Main.storyboard */ = {
			isa = PBXVariantGroup;
			children = (
				DECFE95620ED5674006D24A9 /* Base */,
			);
			name = Main.storyboard;
			sourceTree = "<group>";
		};
		DECFE95D20ED5676006D24A9 /* LaunchScreen.storyboard */ = {
			isa = PBXVariantGroup;
			children = (
				DECFE95E20ED5676006D24A9 /* Base */,
			);
			name = LaunchScreen.storyboard;
			sourceTree = "<group>";
		};
		DEE560EA20F91DC600E753E4 /* EnglishLocalizable.strings */ = {
			isa = PBXVariantGroup;
			children = (
				DEE560E920F91DC600E753E4 /* en */,
			);
			name = EnglishLocalizable.strings;
			sourceTree = "<group>";
		};
/* End PBXVariantGroup section */

/* Begin XCBuildConfiguration section */
		DECFE97720ED5676006D24A9 /* Debug */ = {
			isa = XCBuildConfiguration;
			buildSettings = {
				ALWAYS_SEARCH_USER_PATHS = NO;
				CLANG_ANALYZER_NONNULL = YES;
				CLANG_ANALYZER_NUMBER_OBJECT_CONVERSION = YES_AGGRESSIVE;
				CLANG_CXX_LANGUAGE_STANDARD = "gnu++14";
				CLANG_CXX_LIBRARY = "libc++";
				CLANG_ENABLE_MODULES = YES;
				CLANG_ENABLE_OBJC_ARC = YES;
				CLANG_ENABLE_OBJC_WEAK = YES;
				CLANG_WARN_BLOCK_CAPTURE_AUTORELEASING = YES;
				CLANG_WARN_BOOL_CONVERSION = YES;
				CLANG_WARN_COMMA = YES;
				CLANG_WARN_CONSTANT_CONVERSION = YES;
				CLANG_WARN_DEPRECATED_OBJC_IMPLEMENTATIONS = YES;
				CLANG_WARN_DIRECT_OBJC_ISA_USAGE = YES_ERROR;
				CLANG_WARN_DOCUMENTATION_COMMENTS = YES;
				CLANG_WARN_EMPTY_BODY = YES;
				CLANG_WARN_ENUM_CONVERSION = YES;
				CLANG_WARN_INFINITE_RECURSION = YES;
				CLANG_WARN_INT_CONVERSION = YES;
				CLANG_WARN_NON_LITERAL_NULL_CONVERSION = YES;
				CLANG_WARN_OBJC_IMPLICIT_RETAIN_SELF = YES;
				CLANG_WARN_OBJC_LITERAL_CONVERSION = YES;
				CLANG_WARN_OBJC_ROOT_CLASS = YES_ERROR;
				CLANG_WARN_RANGE_LOOP_ANALYSIS = YES;
				CLANG_WARN_STRICT_PROTOTYPES = YES;
				CLANG_WARN_SUSPICIOUS_MOVE = YES;
				CLANG_WARN_UNGUARDED_AVAILABILITY = YES_AGGRESSIVE;
				CLANG_WARN_UNREACHABLE_CODE = YES;
				CLANG_WARN__DUPLICATE_METHOD_MATCH = YES;
				CODE_SIGN_IDENTITY = "iPhone Developer";
				COPY_PHASE_STRIP = NO;
				DEBUG_INFORMATION_FORMAT = dwarf;
				ENABLE_STRICT_OBJC_MSGSEND = YES;
				ENABLE_TESTABILITY = YES;
				GCC_C_LANGUAGE_STANDARD = gnu11;
				GCC_DYNAMIC_NO_PIC = NO;
				GCC_NO_COMMON_BLOCKS = YES;
				GCC_OPTIMIZATION_LEVEL = 0;
				GCC_PREPROCESSOR_DEFINITIONS = (
					"DEBUG=1",
					"$(inherited)",
				);
				GCC_WARN_64_TO_32_BIT_CONVERSION = YES;
				GCC_WARN_ABOUT_RETURN_TYPE = YES_ERROR;
				GCC_WARN_UNDECLARED_SELECTOR = YES;
				GCC_WARN_UNINITIALIZED_AUTOS = YES_AGGRESSIVE;
				GCC_WARN_UNUSED_FUNCTION = YES;
				GCC_WARN_UNUSED_VARIABLE = YES;
				IPHONEOS_DEPLOYMENT_TARGET = 10.0;
				MTL_ENABLE_DEBUG_INFO = YES;
				ONLY_ACTIVE_ARCH = YES;
				SDKROOT = iphoneos;
				SWIFT_ACTIVE_COMPILATION_CONDITIONS = DEBUG;
				SWIFT_OPTIMIZATION_LEVEL = "-Onone";
			};
			name = Debug;
		};
		DECFE97820ED5676006D24A9 /* Release */ = {
			isa = XCBuildConfiguration;
			buildSettings = {
				ALWAYS_SEARCH_USER_PATHS = NO;
				CLANG_ANALYZER_NONNULL = YES;
				CLANG_ANALYZER_NUMBER_OBJECT_CONVERSION = YES_AGGRESSIVE;
				CLANG_CXX_LANGUAGE_STANDARD = "gnu++14";
				CLANG_CXX_LIBRARY = "libc++";
				CLANG_ENABLE_MODULES = YES;
				CLANG_ENABLE_OBJC_ARC = YES;
				CLANG_ENABLE_OBJC_WEAK = YES;
				CLANG_WARN_BLOCK_CAPTURE_AUTORELEASING = YES;
				CLANG_WARN_BOOL_CONVERSION = YES;
				CLANG_WARN_COMMA = YES;
				CLANG_WARN_CONSTANT_CONVERSION = YES;
				CLANG_WARN_DEPRECATED_OBJC_IMPLEMENTATIONS = YES;
				CLANG_WARN_DIRECT_OBJC_ISA_USAGE = YES_ERROR;
				CLANG_WARN_DOCUMENTATION_COMMENTS = YES;
				CLANG_WARN_EMPTY_BODY = YES;
				CLANG_WARN_ENUM_CONVERSION = YES;
				CLANG_WARN_INFINITE_RECURSION = YES;
				CLANG_WARN_INT_CONVERSION = YES;
				CLANG_WARN_NON_LITERAL_NULL_CONVERSION = YES;
				CLANG_WARN_OBJC_IMPLICIT_RETAIN_SELF = YES;
				CLANG_WARN_OBJC_LITERAL_CONVERSION = YES;
				CLANG_WARN_OBJC_ROOT_CLASS = YES_ERROR;
				CLANG_WARN_RANGE_LOOP_ANALYSIS = YES;
				CLANG_WARN_STRICT_PROTOTYPES = YES;
				CLANG_WARN_SUSPICIOUS_MOVE = YES;
				CLANG_WARN_UNGUARDED_AVAILABILITY = YES_AGGRESSIVE;
				CLANG_WARN_UNREACHABLE_CODE = YES;
				CLANG_WARN__DUPLICATE_METHOD_MATCH = YES;
				CODE_SIGN_IDENTITY = "iPhone Developer";
				COPY_PHASE_STRIP = NO;
				DEBUG_INFORMATION_FORMAT = "dwarf-with-dsym";
				ENABLE_NS_ASSERTIONS = NO;
				ENABLE_STRICT_OBJC_MSGSEND = YES;
				GCC_C_LANGUAGE_STANDARD = gnu11;
				GCC_NO_COMMON_BLOCKS = YES;
				GCC_WARN_64_TO_32_BIT_CONVERSION = YES;
				GCC_WARN_ABOUT_RETURN_TYPE = YES_ERROR;
				GCC_WARN_UNDECLARED_SELECTOR = YES;
				GCC_WARN_UNINITIALIZED_AUTOS = YES_AGGRESSIVE;
				GCC_WARN_UNUSED_FUNCTION = YES;
				GCC_WARN_UNUSED_VARIABLE = YES;
				IPHONEOS_DEPLOYMENT_TARGET = 10.0;
				MTL_ENABLE_DEBUG_INFO = NO;
				SDKROOT = iphoneos;
				SWIFT_COMPILATION_MODE = wholemodule;
				SWIFT_OPTIMIZATION_LEVEL = "-O";
				VALIDATE_PRODUCT = YES;
			};
			name = Release;
		};
		DECFE97A20ED5676006D24A9 /* Debug */ = {
			isa = XCBuildConfiguration;
			baseConfigurationReference = E2381B65E543EACA7CD5262E /* Pods-P3HR.debug.xcconfig */;
			buildSettings = {
				ASSETCATALOG_COMPILER_APPICON_NAME = AppIcon;
				CODE_SIGN_STYLE = Automatic;
				DEVELOPMENT_TEAM = H4L8MWY7R8;
				INFOPLIST_FILE = P3HR/Info.plist;
				LD_RUNPATH_SEARCH_PATHS = (
					"$(inherited)",
					"@executable_path/Frameworks",
				);
				PRODUCT_BUNDLE_IDENTIFIER = uWindsor.P3HR;
				PRODUCT_NAME = "$(TARGET_NAME)";
				SWIFT_VERSION = 4.0;
				TARGETED_DEVICE_FAMILY = "1,2";
			};
			name = Debug;
		};
		DECFE97B20ED5676006D24A9 /* Release */ = {
			isa = XCBuildConfiguration;
			baseConfigurationReference = 5CF16D2425B6D7EF1A7B350E /* Pods-P3HR.release.xcconfig */;
			buildSettings = {
				ASSETCATALOG_COMPILER_APPICON_NAME = AppIcon;
				CODE_SIGN_STYLE = Automatic;
				DEVELOPMENT_TEAM = H4L8MWY7R8;
				INFOPLIST_FILE = P3HR/Info.plist;
				LD_RUNPATH_SEARCH_PATHS = (
					"$(inherited)",
					"@executable_path/Frameworks",
				);
				PRODUCT_BUNDLE_IDENTIFIER = uWindsor.P3HR;
				PRODUCT_NAME = "$(TARGET_NAME)";
				SWIFT_VERSION = 4.0;
				TARGETED_DEVICE_FAMILY = "1,2";
			};
			name = Release;
		};
		DECFE97D20ED5676006D24A9 /* Debug */ = {
			isa = XCBuildConfiguration;
			baseConfigurationReference = 9FCDC15411E9DD7B9B1136E8 /* Pods-P3HRTests.debug.xcconfig */;
			buildSettings = {
				ALWAYS_EMBED_SWIFT_STANDARD_LIBRARIES = YES;
				BUNDLE_LOADER = "$(TEST_HOST)";
				CODE_SIGN_STYLE = Automatic;
				INFOPLIST_FILE = P3HRTests/Info.plist;
				LD_RUNPATH_SEARCH_PATHS = (
					"$(inherited)",
					"@executable_path/Frameworks",
					"@loader_path/Frameworks",
				);
				PRODUCT_BUNDLE_IDENTIFIER = uWindsor.P3HRTests;
				PRODUCT_NAME = "$(TARGET_NAME)";
				SWIFT_VERSION = 4.0;
				TARGETED_DEVICE_FAMILY = "1,2";
				TEST_HOST = "$(BUILT_PRODUCTS_DIR)/P3HR.app/P3HR";
			};
			name = Debug;
		};
		DECFE97E20ED5676006D24A9 /* Release */ = {
			isa = XCBuildConfiguration;
			baseConfigurationReference = 018D9C274AD4211E0FBFD366 /* Pods-P3HRTests.release.xcconfig */;
			buildSettings = {
				ALWAYS_EMBED_SWIFT_STANDARD_LIBRARIES = YES;
				BUNDLE_LOADER = "$(TEST_HOST)";
				CODE_SIGN_STYLE = Automatic;
				INFOPLIST_FILE = P3HRTests/Info.plist;
				LD_RUNPATH_SEARCH_PATHS = (
					"$(inherited)",
					"@executable_path/Frameworks",
					"@loader_path/Frameworks",
				);
				PRODUCT_BUNDLE_IDENTIFIER = uWindsor.P3HRTests;
				PRODUCT_NAME = "$(TARGET_NAME)";
				SWIFT_VERSION = 4.0;
				TARGETED_DEVICE_FAMILY = "1,2";
				TEST_HOST = "$(BUILT_PRODUCTS_DIR)/P3HR.app/P3HR";
			};
			name = Release;
		};
		DECFE98020ED5676006D24A9 /* Debug */ = {
			isa = XCBuildConfiguration;
			baseConfigurationReference = F7A9D308806A6DBBFCF858DF /* Pods-P3HRUITests.debug.xcconfig */;
			buildSettings = {
				ALWAYS_EMBED_SWIFT_STANDARD_LIBRARIES = YES;
				CODE_SIGN_STYLE = Automatic;
				INFOPLIST_FILE = P3HRUITests/Info.plist;
				LD_RUNPATH_SEARCH_PATHS = (
					"$(inherited)",
					"@executable_path/Frameworks",
					"@loader_path/Frameworks",
				);
				PRODUCT_BUNDLE_IDENTIFIER = uWindsor.P3HRUITests;
				PRODUCT_NAME = "$(TARGET_NAME)";
				SWIFT_VERSION = 4.0;
				TARGETED_DEVICE_FAMILY = "1,2";
				TEST_TARGET_NAME = P3HR;
			};
			name = Debug;
		};
		DECFE98120ED5676006D24A9 /* Release */ = {
			isa = XCBuildConfiguration;
			baseConfigurationReference = C8791EF9BD56C738D7431386 /* Pods-P3HRUITests.release.xcconfig */;
			buildSettings = {
				ALWAYS_EMBED_SWIFT_STANDARD_LIBRARIES = YES;
				CODE_SIGN_STYLE = Automatic;
				INFOPLIST_FILE = P3HRUITests/Info.plist;
				LD_RUNPATH_SEARCH_PATHS = (
					"$(inherited)",
					"@executable_path/Frameworks",
					"@loader_path/Frameworks",
				);
				PRODUCT_BUNDLE_IDENTIFIER = uWindsor.P3HRUITests;
				PRODUCT_NAME = "$(TARGET_NAME)";
				SWIFT_VERSION = 4.0;
				TARGETED_DEVICE_FAMILY = "1,2";
				TEST_TARGET_NAME = P3HR;
			};
			name = Release;
		};
/* End XCBuildConfiguration section */

/* Begin XCConfigurationList section */
		DECFE94920ED5674006D24A9 /* Build configuration list for PBXProject "P3HR" */ = {
			isa = XCConfigurationList;
			buildConfigurations = (
				DECFE97720ED5676006D24A9 /* Debug */,
				DECFE97820ED5676006D24A9 /* Release */,
			);
			defaultConfigurationIsVisible = 0;
			defaultConfigurationName = Release;
		};
		DECFE97920ED5676006D24A9 /* Build configuration list for PBXNativeTarget "P3HR" */ = {
			isa = XCConfigurationList;
			buildConfigurations = (
				DECFE97A20ED5676006D24A9 /* Debug */,
				DECFE97B20ED5676006D24A9 /* Release */,
			);
			defaultConfigurationIsVisible = 0;
			defaultConfigurationName = Release;
		};
		DECFE97C20ED5676006D24A9 /* Build configuration list for PBXNativeTarget "P3HRTests" */ = {
			isa = XCConfigurationList;
			buildConfigurations = (
				DECFE97D20ED5676006D24A9 /* Debug */,
				DECFE97E20ED5676006D24A9 /* Release */,
			);
			defaultConfigurationIsVisible = 0;
			defaultConfigurationName = Release;
		};
		DECFE97F20ED5676006D24A9 /* Build configuration list for PBXNativeTarget "P3HRUITests" */ = {
			isa = XCConfigurationList;
			buildConfigurations = (
				DECFE98020ED5676006D24A9 /* Debug */,
				DECFE98120ED5676006D24A9 /* Release */,
			);
			defaultConfigurationIsVisible = 0;
			defaultConfigurationName = Release;
		};
/* End XCConfigurationList section */

/* Begin XCVersionGroup section */
		DECFE95820ED5674006D24A9 /* P3HR.xcdatamodeld */ = {
			isa = XCVersionGroup;
			children = (
				DECFE95920ED5674006D24A9 /* P3HR.xcdatamodel */,
			);
			currentVersion = DECFE95920ED5674006D24A9 /* P3HR.xcdatamodel */;
			path = P3HR.xcdatamodeld;
			sourceTree = "<group>";
			versionGroupType = wrapper.xcdatamodel;
		};
/* End XCVersionGroup section */
	};
	rootObject = DECFE94620ED5674006D24A9 /* Project object */;
}
